<?xml version="1.0" encoding="utf-8"?>
<Project ToolsVersion="4.0" xmlns="http://schemas.microsoft.com/developer/msbuild/2003">
  <ItemGroup>
    <Filter Include="源文件">
      <UniqueIdentifier>{4FC737F1-C7A5-4376-A066-2A32D752A2FF}</UniqueIdentifier>
      <Extensions>cpp;c;cc;cxx;def;odl;idl;hpj;bat;asm;asmx</Extensions>
    </Filter>
    <Filter Include="头文件">
      <UniqueIdentifier>{93995380-89BD-4b04-88EB-625FBE52EBFB}</UniqueIdentifier>
      <Extensions>h;hpp;hxx;hm;inl;inc;xsd</Extensions>
    </Filter>
    <Filter Include="资源文件">
      <UniqueIdentifier>{67DA6AB6-F800-4c08-8B7A-83BB121AAD01}</UniqueIdentifier>
      <Extensions>rc;ico;cur;bmp;dlg;rc2;rct;bin;rgs;gif;jpg;jpeg;jpe;resx;tiff;tif;png;wav;mfcribbon-ms</Extensions>
    </Filter>
  </ItemGroup>
  <ItemGroup>
    <None Include="ReadMe.txt" />
    <None Include="CheckedMenuItem.bmp">
      <Filter>资源文件</Filter>
    </None>
    <None Include="EmptyMenuItem.bmp">
      <Filter>资源文件</Filter>
    </None>
    <None Include="bitmap1.bmp">
      <Filter>资源文件</Filter>
    </None>
  </ItemGroup>
  <ItemGroup>
    <ClInclude Include="stdafx.h">
      <Filter>头文件</Filter>
    </ClInclude>
    <ClInclude Include="targetver.h">
      <Filter>头文件</Filter>
    </ClInclude>
    <ClInclude Include="ClickTarget.h">
      <Filter>头文件</Filter>
    </ClInclude>
    <ClInclude Include="D2DDriver.h">
      <Filter>头文件</Filter>
    </ClInclude>
    <ClInclude Include="MTRes.h">
      <Filter>头文件</Filter>
    </ClInclude>
    <ClInclude Include="ResData.h">
      <Filter>头文件</Filter>
    </ClInclude>
    <ClInclude Include="ResGallery.h">
      <Filter>头文件</Filter>
    </ClInclude>
    <ClInclude Include="Thumbnail.h">
      <Filter>头文件</Filter>
    </ClInclude>
    <ClInclude Include="XAutoLock.h">
      <Filter>头文件</Filter>
    </ClInclude>
    <ClInclude Include="MTGestureImport.h">
      <Filter>头文件</Filter>
    </ClInclude>
    <ClInclude Include="resource.h">
      <Filter>头文件</Filter>
    </ClInclude>
    <ClInclude Include="..\whiteBoard\TouchAPI.h">
      <Filter>头文件</Filter>
    </ClInclude>
    <ClInclude Include="ResManage.h">
      <Filter>头文件</Filter>
    </ClInclude>
    <ClInclude Include="LanguageNameDefine.h">
      <Filter>头文件</Filter>
    </ClInclude>
    <ClInclude Include="tstring.h">
      <Filter>头文件</Filter>
    </ClInclude>
    <ClInclude Include="ShellDef.h">
      <Filter>头文件</Filter>
    </ClInclude>
    <ClInclude Include="DrapEffect.h">
      <Filter>头文件</Filter>
    </ClInclude>
    <ClInclude Include="LanguageStr.h">
      <Filter>头文件</Filter>
    </ClInclude>
    <ClInclude Include="ID2D1BmpAtlas.h">
      <Filter>头文件</Filter>
    </ClInclude>
  </ItemGroup>
  <ItemGroup>
    <ClCompile Include="stdafx.cpp">
      <Filter>源文件</Filter>
    </ClCompile>
    <ClCompile Include="MTRes.cpp">
      <Filter>源文件</Filter>
    </ClCompile>
    <ClCompile Include="dllmain.cpp">
      <Filter>源文件</Filter>
    </ClCompile>
    <ClCompile Include="ClickTarget.cpp">
      <Filter>源文件</Filter>
    </ClCompile>
    <ClCompile Include="D2DDriver.cpp">
      <Filter>源文件</Filter>
    </ClCompile>
    <ClCompile Include="ResGallery.cpp">
      <Filter>源文件</Filter>
    </ClCompile>
    <ClCompile Include="Thumbnail.cpp">
      <Filter>源文件</Filter>
    </ClCompile>
    <ClCompile Include="XAutoLock.cpp">
      <Filter>源文件</Filter>
    </ClCompile>
    <ClCompile Include="..\whiteBoard\TouchAPI.cpp">
      <Filter>源文件</Filter>
    </ClCompile>
    <ClCompile Include="ResManage.cpp">
      <Filter>源文件</Filter>
    </ClCompile>
    <ClCompile Include="tstring.cpp">
      <Filter>源文件</Filter>
    </ClCompile>
    <ClCompile Include="LanguageStr.cpp">
      <Filter>源文件</Filter>
    </ClCompile>
    <ClCompile Include="DrapEffect.cpp">
      <Filter>源文件</Filter>
    </ClCompile>
    <ClCompile Include="ID2D1BmpAtlas.cpp">
      <Filter>源文件</Filter>
    </ClCompile>
  </ItemGroup>
  <ItemGroup>
    <ResourceCompile Include="MTRes.rc">
      <Filter>资源文件</Filter>
    </ResourceCompile>
  </ItemGroup>
</Project>