
Microsoft Visual Studio Solution File, Format Version 11.00
# Visual Studio 2010
Project("{8BC9CEB8-8B4A-11D0-8D11-00A0C91BC942}") = "WBPrint", "WBPrint\WBPrint.vcxproj", "{6FD9D0DA-F7B6-4B33-A878-83F05830972D}"
EndProject
Global
	GlobalSection(SolutionConfigurationPlatforms) = preSolution
		Debug|Win32 = Debug|Win32
		Release|Win32 = Release|Win32
	EndGlobalSection
	GlobalSection(ProjectConfigurationPlatforms) = postSolution
		{6FD9D0DA-F7B6-4B33-A878-83F05830972D}.Debug|Win32.ActiveCfg = Debug|Win32
		{6FD9D0DA-F7B6-4B33-A878-83F05830972D}.Debug|Win32.Build.0 = Debug|Win32
		{6FD9D0DA-F7B6-4B33-A878-83F05830972D}.Release|Win32.ActiveCfg = Release|Win32
		{6FD9D0DA-F7B6-4B33-A878-83F05830972D}.Release|Win32.Build.0 = Release|Win32
	EndGlobalSection
	GlobalSection(SolutionProperties) = preSolution
		HideSolutionNode = FALSE
	EndGlobalSection
EndGlobal
