
Microsoft Visual Studio Solution File, Format Version 10.00
# Visual Studio 2008
Project("{8BC9CEB8-8B4A-11D0-8D11-00A0C91BC942}") = "HPWBModel", "HPWBModel\HPWBModel.vcproj", "{1D82EB2A-4FED-4668-ABF7-18EC3337E82A}"
EndProject
Project("{8BC9CEB8-8B4A-11D0-8D11-00A0C91BC942}") = "HPDTS", "HPDTS\HPDTS.vcproj", "{AE7616C8-5FC4-409E-96B0-D6EFA092C7C1}"
EndProject
Global
	GlobalSection(SolutionConfigurationPlatforms) = preSolution
		Debug|Win32 = Debug|Win32
		Release|Win32 = Release|Win32
	EndGlobalSection
	GlobalSection(ProjectConfigurationPlatforms) = postSolution
		{1D82EB2A-4FED-4668-ABF7-18EC3337E82A}.Debug|Win32.ActiveCfg = Debug|Win32
		{1D82EB2A-4FED-4668-ABF7-18EC3337E82A}.Debug|Win32.Build.0 = Debug|Win32
		{1D82EB2A-4FED-4668-ABF7-18EC3337E82A}.Release|Win32.ActiveCfg = Release|Win32
		{1D82EB2A-4FED-4668-ABF7-18EC3337E82A}.Release|Win32.Build.0 = Release|Win32
		{AE7616C8-5FC4-409E-96B0-D6EFA092C7C1}.Debug|Win32.ActiveCfg = Debug|Win32
		{AE7616C8-5FC4-409E-96B0-D6EFA092C7C1}.Debug|Win32.Build.0 = Debug|Win32
		{AE7616C8-5FC4-409E-96B0-D6EFA092C7C1}.Release|Win32.ActiveCfg = Release|Win32
		{AE7616C8-5FC4-409E-96B0-D6EFA092C7C1}.Release|Win32.Build.0 = Release|Win32
	EndGlobalSection
	GlobalSection(SolutionProperties) = preSolution
		HideSolutionNode = FALSE
	EndGlobalSection
EndGlobal
