
Microsoft Visual Studio Solution File, Format Version 10.00
# Visual Studio 2008
Project("{8BC9CEB8-8B4A-11D0-8D11-00A0C91BC942}") = "VIDEC_csp", "..\VIDEC_csp\VIDEC_csp.vcproj", "{FD354C47-16B8-4D10-8200-FBF236D49CE5}"
EndProject
Project("{8BC9CEB8-8B4A-11D0-8D11-00A0C91BC942}") = "libmp3lame", "..\libmp3lame\libmp3lame.vcproj", "{E316772F-5D8F-4F2A-8F71-094C3E859D34}"
EndProject
Project("{8BC9CEB8-8B4A-11D0-8D11-00A0C91BC942}") = "jthread", "..\..\IMXEC\jthread\jthread.vcproj", "{96A714AE-BE53-4EFF-8569-C3809AD4F3B6}"
EndProject
Project("{8BC9CEB8-8B4A-11D0-8D11-00A0C91BC942}") = "jrtplib", "..\..\IMXEC\jrtplib\jrtplib.vcproj", "{B8BD6143-BA5B-47DF-B9BB-991F5F6736A6}"
EndProject
Project("{8BC9CEB8-8B4A-11D0-8D11-00A0C91BC942}") = "jpeglib", "..\jpeglib\jpeglib.vcproj", "{392F7F6E-D844-493E-8D70-5603E45E21BD}"
EndProject
Project("{8BC9CEB8-8B4A-11D0-8D11-00A0C91BC942}") = "VIDECMKV", "..\VIDECMKV\VIDECMKV.vcproj", "{715D4529-98C3-49DE-9950-3B9ECF1E47E0}"
EndProject
Project("{8BC9CEB8-8B4A-11D0-8D11-00A0C91BC942}") = "VIDECYNC", "..\VIDECYNC\VIDECYNC.vcproj", "{75FC3F64-2D93-4F0D-BDAB-34B97DB78A94}"
	ProjectSection(ProjectDependencies) = postProject
		{FD354C47-16B8-4D10-8200-FBF236D49CE5} = {FD354C47-16B8-4D10-8200-FBF236D49CE5}
	EndProjectSection
EndProject
Project("{8BC9CEB8-8B4A-11D0-8D11-00A0C91BC942}") = "BaseClasses", "..\VIDEC_DShow\BaseClasses\baseclasses.vcproj", "{C14D9535-35E5-4B7F-8614-B772A214EB0B}"
EndProject
Project("{8BC9CEB8-8B4A-11D0-8D11-00A0C91BC942}") = "HPAVC", "..\HPAVC\HPAVC_Win32\HPAVC.vcproj", "{46635E66-A7B9-49C5-B7F0-03813914B4E5}"
	ProjectSection(ProjectDependencies) = postProject
		{DB71B91D-16D8-4339-9621-D81798E46E8F} = {DB71B91D-16D8-4339-9621-D81798E46E8F}
		{1119372D-BA13-4730-AFF6-1994B26EFF6C} = {1119372D-BA13-4730-AFF6-1994B26EFF6C}
		{EE55D73B-F537-4B52-8514-50B7FDF5D254} = {EE55D73B-F537-4B52-8514-50B7FDF5D254}
		{FD354C47-16B8-4D10-8200-FBF236D49CE5} = {FD354C47-16B8-4D10-8200-FBF236D49CE5}
		{392F7F6E-D844-493E-8D70-5603E45E21BD} = {392F7F6E-D844-493E-8D70-5603E45E21BD}
	EndProjectSection
EndProject
Project("{8BC9CEB8-8B4A-11D0-8D11-00A0C91BC942}") = "HPAVC_Common", "..\HPAVC\HPAVC_Common\HPAVC_Common.vcproj", "{DB71B91D-16D8-4339-9621-D81798E46E8F}"
EndProject
Project("{8BC9CEB8-8B4A-11D0-8D11-00A0C91BC942}") = "HPAVC_plugin_api", "..\HPAVC\HPAVC_user_modules\plugin_api.vcproj", "{EE55D73B-F537-4B52-8514-50B7FDF5D254}"
EndProject
Project("{8BC9CEB8-8B4A-11D0-8D11-00A0C91BC942}") = "HPAVC_plugin_h263", "..\HPAVC\HPAVC_user_modules\vp8_decode_plugin\vp8_decoder_plugin.vcproj", "{1119372D-BA13-4730-AFF6-1994B26EFF6C}"
	ProjectSection(ProjectDependencies) = postProject
		{DB71B91D-16D8-4339-9621-D81798E46E8F} = {DB71B91D-16D8-4339-9621-D81798E46E8F}
		{EE55D73B-F537-4B52-8514-50B7FDF5D254} = {EE55D73B-F537-4B52-8514-50B7FDF5D254}
	EndProjectSection
EndProject
Project("{8BC9CEB8-8B4A-11D0-8D11-00A0C91BC942}") = "VIDEC", "VIDEC.vcproj", "{8E213316-A4AB-417E-A550-1166E6ABD4A2}"
	ProjectSection(ProjectDependencies) = postProject
		{715D4529-98C3-49DE-9950-3B9ECF1E47E0} = {715D4529-98C3-49DE-9950-3B9ECF1E47E0}
		{E316772F-5D8F-4F2A-8F71-094C3E859D34} = {E316772F-5D8F-4F2A-8F71-094C3E859D34}
		{C14D9535-35E5-4B7F-8614-B772A214EB0B} = {C14D9535-35E5-4B7F-8614-B772A214EB0B}
		{B8BD6143-BA5B-47DF-B9BB-991F5F6736A6} = {B8BD6143-BA5B-47DF-B9BB-991F5F6736A6}
		{FD354C47-16B8-4D10-8200-FBF236D49CE5} = {FD354C47-16B8-4D10-8200-FBF236D49CE5}
		{75FC3F64-2D93-4F0D-BDAB-34B97DB78A94} = {75FC3F64-2D93-4F0D-BDAB-34B97DB78A94}
		{392F7F6E-D844-493E-8D70-5603E45E21BD} = {392F7F6E-D844-493E-8D70-5603E45E21BD}
		{D038D673-35EF-499C-94E4-9B74D3917417} = {D038D673-35EF-499C-94E4-9B74D3917417}
		{96A714AE-BE53-4EFF-8569-C3809AD4F3B6} = {96A714AE-BE53-4EFF-8569-C3809AD4F3B6}
	EndProjectSection
EndProject
Project("{8BC9CEB8-8B4A-11D0-8D11-00A0C91BC942}") = "VIDECINL", "..\VIDECINL\VIDECINL.vcproj", "{D038D673-35EF-499C-94E4-9B74D3917417}"
EndProject
Project("{8BC9CEB8-8B4A-11D0-8D11-00A0C91BC942}") = "Demo_win32", "..\Demo_win32\Demo_win32.vcproj", "{49DC2A51-D8CB-4B2B-8DFC-AD99FEE9A98A}"
	ProjectSection(ProjectDependencies) = postProject
		{FD354C47-16B8-4D10-8200-FBF236D49CE5} = {FD354C47-16B8-4D10-8200-FBF236D49CE5}
		{75FC3F64-2D93-4F0D-BDAB-34B97DB78A94} = {75FC3F64-2D93-4F0D-BDAB-34B97DB78A94}
		{46635E66-A7B9-49C5-B7F0-03813914B4E5} = {46635E66-A7B9-49C5-B7F0-03813914B4E5}
	EndProjectSection
EndProject
Global
	GlobalSection(SolutionConfigurationPlatforms) = preSolution
		Debug Unicode|Win32 = Debug Unicode|Win32
		Debug|Win32 = Debug|Win32
		Release Unicode|Win32 = Release Unicode|Win32
		Release|Win32 = Release|Win32
		Release64|Win32 = Release64|Win32
	EndGlobalSection
	GlobalSection(ProjectConfigurationPlatforms) = postSolution
		{FD354C47-16B8-4D10-8200-FBF236D49CE5}.Debug Unicode|Win32.ActiveCfg = Debug|Win32
		{FD354C47-16B8-4D10-8200-FBF236D49CE5}.Debug Unicode|Win32.Build.0 = Debug|Win32
		{FD354C47-16B8-4D10-8200-FBF236D49CE5}.Debug|Win32.ActiveCfg = Debug|Win32
		{FD354C47-16B8-4D10-8200-FBF236D49CE5}.Debug|Win32.Build.0 = Debug|Win32
		{FD354C47-16B8-4D10-8200-FBF236D49CE5}.Release Unicode|Win32.ActiveCfg = Release|Win32
		{FD354C47-16B8-4D10-8200-FBF236D49CE5}.Release Unicode|Win32.Build.0 = Release|Win32
		{FD354C47-16B8-4D10-8200-FBF236D49CE5}.Release|Win32.ActiveCfg = Release|Win32
		{FD354C47-16B8-4D10-8200-FBF236D49CE5}.Release|Win32.Build.0 = Release|Win32
		{FD354C47-16B8-4D10-8200-FBF236D49CE5}.Release64|Win32.ActiveCfg = Release|Win32
		{FD354C47-16B8-4D10-8200-FBF236D49CE5}.Release64|Win32.Build.0 = Release|Win32
		{E316772F-5D8F-4F2A-8F71-094C3E859D34}.Debug Unicode|Win32.ActiveCfg = Debug|Win32
		{E316772F-5D8F-4F2A-8F71-094C3E859D34}.Debug Unicode|Win32.Build.0 = Debug|Win32
		{E316772F-5D8F-4F2A-8F71-094C3E859D34}.Debug|Win32.ActiveCfg = Debug|Win32
		{E316772F-5D8F-4F2A-8F71-094C3E859D34}.Debug|Win32.Build.0 = Debug|Win32
		{E316772F-5D8F-4F2A-8F71-094C3E859D34}.Release Unicode|Win32.ActiveCfg = Release|Win32
		{E316772F-5D8F-4F2A-8F71-094C3E859D34}.Release Unicode|Win32.Build.0 = Release|Win32
		{E316772F-5D8F-4F2A-8F71-094C3E859D34}.Release|Win32.ActiveCfg = Release|Win32
		{E316772F-5D8F-4F2A-8F71-094C3E859D34}.Release|Win32.Build.0 = Release|Win32
		{E316772F-5D8F-4F2A-8F71-094C3E859D34}.Release64|Win32.ActiveCfg = Release|Win32
		{E316772F-5D8F-4F2A-8F71-094C3E859D34}.Release64|Win32.Build.0 = Release|Win32
		{96A714AE-BE53-4EFF-8569-C3809AD4F3B6}.Debug Unicode|Win32.ActiveCfg = Debug|Win32
		{96A714AE-BE53-4EFF-8569-C3809AD4F3B6}.Debug Unicode|Win32.Build.0 = Debug|Win32
		{96A714AE-BE53-4EFF-8569-C3809AD4F3B6}.Debug|Win32.ActiveCfg = Debug|Win32
		{96A714AE-BE53-4EFF-8569-C3809AD4F3B6}.Debug|Win32.Build.0 = Debug|Win32
		{96A714AE-BE53-4EFF-8569-C3809AD4F3B6}.Release Unicode|Win32.ActiveCfg = Release|Win32
		{96A714AE-BE53-4EFF-8569-C3809AD4F3B6}.Release Unicode|Win32.Build.0 = Release|Win32
		{96A714AE-BE53-4EFF-8569-C3809AD4F3B6}.Release|Win32.ActiveCfg = Release|Win32
		{96A714AE-BE53-4EFF-8569-C3809AD4F3B6}.Release|Win32.Build.0 = Release|Win32
		{96A714AE-BE53-4EFF-8569-C3809AD4F3B6}.Release64|Win32.ActiveCfg = Release|Win32
		{96A714AE-BE53-4EFF-8569-C3809AD4F3B6}.Release64|Win32.Build.0 = Release|Win32
		{B8BD6143-BA5B-47DF-B9BB-991F5F6736A6}.Debug Unicode|Win32.ActiveCfg = Debug|Win32
		{B8BD6143-BA5B-47DF-B9BB-991F5F6736A6}.Debug Unicode|Win32.Build.0 = Debug|Win32
		{B8BD6143-BA5B-47DF-B9BB-991F5F6736A6}.Debug|Win32.ActiveCfg = Debug|Win32
		{B8BD6143-BA5B-47DF-B9BB-991F5F6736A6}.Debug|Win32.Build.0 = Debug|Win32
		{B8BD6143-BA5B-47DF-B9BB-991F5F6736A6}.Release Unicode|Win32.ActiveCfg = Release|Win32
		{B8BD6143-BA5B-47DF-B9BB-991F5F6736A6}.Release Unicode|Win32.Build.0 = Release|Win32
		{B8BD6143-BA5B-47DF-B9BB-991F5F6736A6}.Release|Win32.ActiveCfg = Release|Win32
		{B8BD6143-BA5B-47DF-B9BB-991F5F6736A6}.Release|Win32.Build.0 = Release|Win32
		{B8BD6143-BA5B-47DF-B9BB-991F5F6736A6}.Release64|Win32.ActiveCfg = Release|Win32
		{B8BD6143-BA5B-47DF-B9BB-991F5F6736A6}.Release64|Win32.Build.0 = Release|Win32
		{392F7F6E-D844-493E-8D70-5603E45E21BD}.Debug Unicode|Win32.ActiveCfg = Debug|Win32
		{392F7F6E-D844-493E-8D70-5603E45E21BD}.Debug Unicode|Win32.Build.0 = Debug|Win32
		{392F7F6E-D844-493E-8D70-5603E45E21BD}.Debug|Win32.ActiveCfg = Debug|Win32
		{392F7F6E-D844-493E-8D70-5603E45E21BD}.Debug|Win32.Build.0 = Debug|Win32
		{392F7F6E-D844-493E-8D70-5603E45E21BD}.Release Unicode|Win32.ActiveCfg = Release|Win32
		{392F7F6E-D844-493E-8D70-5603E45E21BD}.Release Unicode|Win32.Build.0 = Release|Win32
		{392F7F6E-D844-493E-8D70-5603E45E21BD}.Release|Win32.ActiveCfg = Release|Win32
		{392F7F6E-D844-493E-8D70-5603E45E21BD}.Release|Win32.Build.0 = Release|Win32
		{392F7F6E-D844-493E-8D70-5603E45E21BD}.Release64|Win32.ActiveCfg = Release|Win32
		{392F7F6E-D844-493E-8D70-5603E45E21BD}.Release64|Win32.Build.0 = Release|Win32
		{715D4529-98C3-49DE-9950-3B9ECF1E47E0}.Debug Unicode|Win32.ActiveCfg = Debug|Win32
		{715D4529-98C3-49DE-9950-3B9ECF1E47E0}.Debug Unicode|Win32.Build.0 = Debug|Win32
		{715D4529-98C3-49DE-9950-3B9ECF1E47E0}.Debug|Win32.ActiveCfg = Debug|Win32
		{715D4529-98C3-49DE-9950-3B9ECF1E47E0}.Debug|Win32.Build.0 = Debug|Win32
		{715D4529-98C3-49DE-9950-3B9ECF1E47E0}.Release Unicode|Win32.ActiveCfg = Release|Win32
		{715D4529-98C3-49DE-9950-3B9ECF1E47E0}.Release Unicode|Win32.Build.0 = Release|Win32
		{715D4529-98C3-49DE-9950-3B9ECF1E47E0}.Release|Win32.ActiveCfg = Release|Win32
		{715D4529-98C3-49DE-9950-3B9ECF1E47E0}.Release|Win32.Build.0 = Release|Win32
		{715D4529-98C3-49DE-9950-3B9ECF1E47E0}.Release64|Win32.ActiveCfg = Release|Win32
		{715D4529-98C3-49DE-9950-3B9ECF1E47E0}.Release64|Win32.Build.0 = Release|Win32
		{75FC3F64-2D93-4F0D-BDAB-34B97DB78A94}.Debug Unicode|Win32.ActiveCfg = Debug|Win32
		{75FC3F64-2D93-4F0D-BDAB-34B97DB78A94}.Debug Unicode|Win32.Build.0 = Debug|Win32
		{75FC3F64-2D93-4F0D-BDAB-34B97DB78A94}.Debug|Win32.ActiveCfg = Debug|Win32
		{75FC3F64-2D93-4F0D-BDAB-34B97DB78A94}.Debug|Win32.Build.0 = Debug|Win32
		{75FC3F64-2D93-4F0D-BDAB-34B97DB78A94}.Release Unicode|Win32.ActiveCfg = Release|Win32
		{75FC3F64-2D93-4F0D-BDAB-34B97DB78A94}.Release Unicode|Win32.Build.0 = Release|Win32
		{75FC3F64-2D93-4F0D-BDAB-34B97DB78A94}.Release|Win32.ActiveCfg = Release|Win32
		{75FC3F64-2D93-4F0D-BDAB-34B97DB78A94}.Release|Win32.Build.0 = Release|Win32
		{75FC3F64-2D93-4F0D-BDAB-34B97DB78A94}.Release64|Win32.ActiveCfg = Release|Win32
		{75FC3F64-2D93-4F0D-BDAB-34B97DB78A94}.Release64|Win32.Build.0 = Release|Win32
		{C14D9535-35E5-4B7F-8614-B772A214EB0B}.Debug Unicode|Win32.ActiveCfg = Debug Unicode|Win32
		{C14D9535-35E5-4B7F-8614-B772A214EB0B}.Debug Unicode|Win32.Build.0 = Debug Unicode|Win32
		{C14D9535-35E5-4B7F-8614-B772A214EB0B}.Debug|Win32.ActiveCfg = Debug|Win32
		{C14D9535-35E5-4B7F-8614-B772A214EB0B}.Debug|Win32.Build.0 = Debug|Win32
		{C14D9535-35E5-4B7F-8614-B772A214EB0B}.Release Unicode|Win32.ActiveCfg = Release Unicode|Win32
		{C14D9535-35E5-4B7F-8614-B772A214EB0B}.Release Unicode|Win32.Build.0 = Release Unicode|Win32
		{C14D9535-35E5-4B7F-8614-B772A214EB0B}.Release|Win32.ActiveCfg = Release|Win32
		{C14D9535-35E5-4B7F-8614-B772A214EB0B}.Release|Win32.Build.0 = Release|Win32
		{C14D9535-35E5-4B7F-8614-B772A214EB0B}.Release64|Win32.ActiveCfg = Release Unicode|Win32
		{C14D9535-35E5-4B7F-8614-B772A214EB0B}.Release64|Win32.Build.0 = Release Unicode|Win32
		{46635E66-A7B9-49C5-B7F0-03813914B4E5}.Debug Unicode|Win32.ActiveCfg = Debug|Win32
		{46635E66-A7B9-49C5-B7F0-03813914B4E5}.Debug Unicode|Win32.Build.0 = Debug|Win32
		{46635E66-A7B9-49C5-B7F0-03813914B4E5}.Debug|Win32.ActiveCfg = Debug|Win32
		{46635E66-A7B9-49C5-B7F0-03813914B4E5}.Debug|Win32.Build.0 = Debug|Win32
		{46635E66-A7B9-49C5-B7F0-03813914B4E5}.Release Unicode|Win32.ActiveCfg = Release|Win32
		{46635E66-A7B9-49C5-B7F0-03813914B4E5}.Release Unicode|Win32.Build.0 = Release|Win32
		{46635E66-A7B9-49C5-B7F0-03813914B4E5}.Release|Win32.ActiveCfg = Release|Win32
		{46635E66-A7B9-49C5-B7F0-03813914B4E5}.Release|Win32.Build.0 = Release|Win32
		{46635E66-A7B9-49C5-B7F0-03813914B4E5}.Release64|Win32.ActiveCfg = Release|Win32
		{46635E66-A7B9-49C5-B7F0-03813914B4E5}.Release64|Win32.Build.0 = Release|Win32
		{DB71B91D-16D8-4339-9621-D81798E46E8F}.Debug Unicode|Win32.ActiveCfg = Debug|Win32
		{DB71B91D-16D8-4339-9621-D81798E46E8F}.Debug Unicode|Win32.Build.0 = Debug|Win32
		{DB71B91D-16D8-4339-9621-D81798E46E8F}.Debug|Win32.ActiveCfg = Debug|Win32
		{DB71B91D-16D8-4339-9621-D81798E46E8F}.Debug|Win32.Build.0 = Debug|Win32
		{DB71B91D-16D8-4339-9621-D81798E46E8F}.Release Unicode|Win32.ActiveCfg = Release|Win32
		{DB71B91D-16D8-4339-9621-D81798E46E8F}.Release Unicode|Win32.Build.0 = Release|Win32
		{DB71B91D-16D8-4339-9621-D81798E46E8F}.Release|Win32.ActiveCfg = Release|Win32
		{DB71B91D-16D8-4339-9621-D81798E46E8F}.Release|Win32.Build.0 = Release|Win32
		{DB71B91D-16D8-4339-9621-D81798E46E8F}.Release64|Win32.ActiveCfg = Release|Win32
		{DB71B91D-16D8-4339-9621-D81798E46E8F}.Release64|Win32.Build.0 = Release|Win32
		{EE55D73B-F537-4B52-8514-50B7FDF5D254}.Debug Unicode|Win32.ActiveCfg = Debug|Win32
		{EE55D73B-F537-4B52-8514-50B7FDF5D254}.Debug Unicode|Win32.Build.0 = Debug|Win32
		{EE55D73B-F537-4B52-8514-50B7FDF5D254}.Debug|Win32.ActiveCfg = Debug|Win32
		{EE55D73B-F537-4B52-8514-50B7FDF5D254}.Debug|Win32.Build.0 = Debug|Win32
		{EE55D73B-F537-4B52-8514-50B7FDF5D254}.Release Unicode|Win32.ActiveCfg = Release|Win32
		{EE55D73B-F537-4B52-8514-50B7FDF5D254}.Release Unicode|Win32.Build.0 = Release|Win32
		{EE55D73B-F537-4B52-8514-50B7FDF5D254}.Release|Win32.ActiveCfg = Release|Win32
		{EE55D73B-F537-4B52-8514-50B7FDF5D254}.Release|Win32.Build.0 = Release|Win32
		{EE55D73B-F537-4B52-8514-50B7FDF5D254}.Release64|Win32.ActiveCfg = Release|Win32
		{EE55D73B-F537-4B52-8514-50B7FDF5D254}.Release64|Win32.Build.0 = Release|Win32
		{1119372D-BA13-4730-AFF6-1994B26EFF6C}.Debug Unicode|Win32.ActiveCfg = Debug|Win32
		{1119372D-BA13-4730-AFF6-1994B26EFF6C}.Debug Unicode|Win32.Build.0 = Debug|Win32
		{1119372D-BA13-4730-AFF6-1994B26EFF6C}.Debug|Win32.ActiveCfg = Debug|Win32
		{1119372D-BA13-4730-AFF6-1994B26EFF6C}.Debug|Win32.Build.0 = Debug|Win32
		{1119372D-BA13-4730-AFF6-1994B26EFF6C}.Release Unicode|Win32.ActiveCfg = Release|Win32
		{1119372D-BA13-4730-AFF6-1994B26EFF6C}.Release Unicode|Win32.Build.0 = Release|Win32
		{1119372D-BA13-4730-AFF6-1994B26EFF6C}.Release|Win32.ActiveCfg = Release|Win32
		{1119372D-BA13-4730-AFF6-1994B26EFF6C}.Release|Win32.Build.0 = Release|Win32
		{1119372D-BA13-4730-AFF6-1994B26EFF6C}.Release64|Win32.ActiveCfg = Release|Win32
		{1119372D-BA13-4730-AFF6-1994B26EFF6C}.Release64|Win32.Build.0 = Release|Win32
		{8E213316-A4AB-417E-A550-1166E6ABD4A2}.Debug Unicode|Win32.ActiveCfg = Debug|Win32
		{8E213316-A4AB-417E-A550-1166E6ABD4A2}.Debug Unicode|Win32.Build.0 = Debug|Win32
		{8E213316-A4AB-417E-A550-1166E6ABD4A2}.Debug|Win32.ActiveCfg = Debug|Win32
		{8E213316-A4AB-417E-A550-1166E6ABD4A2}.Debug|Win32.Build.0 = Debug|Win32
		{8E213316-A4AB-417E-A550-1166E6ABD4A2}.Release Unicode|Win32.ActiveCfg = Release|Win32
		{8E213316-A4AB-417E-A550-1166E6ABD4A2}.Release Unicode|Win32.Build.0 = Release|Win32
		{8E213316-A4AB-417E-A550-1166E6ABD4A2}.Release|Win32.ActiveCfg = Release|Win32
		{8E213316-A4AB-417E-A550-1166E6ABD4A2}.Release|Win32.Build.0 = Release|Win32
		{8E213316-A4AB-417E-A550-1166E6ABD4A2}.Release64|Win32.ActiveCfg = Release|Win32
		{8E213316-A4AB-417E-A550-1166E6ABD4A2}.Release64|Win32.Build.0 = Release|Win32
		{D038D673-35EF-499C-94E4-9B74D3917417}.Debug Unicode|Win32.ActiveCfg = Debug|Win32
		{D038D673-35EF-499C-94E4-9B74D3917417}.Debug Unicode|Win32.Build.0 = Debug|Win32
		{D038D673-35EF-499C-94E4-9B74D3917417}.Debug|Win32.ActiveCfg = Debug|Win32
		{D038D673-35EF-499C-94E4-9B74D3917417}.Debug|Win32.Build.0 = Debug|Win32
		{D038D673-35EF-499C-94E4-9B74D3917417}.Release Unicode|Win32.ActiveCfg = Release|Win32
		{D038D673-35EF-499C-94E4-9B74D3917417}.Release Unicode|Win32.Build.0 = Release|Win32
		{D038D673-35EF-499C-94E4-9B74D3917417}.Release|Win32.ActiveCfg = Release|Win32
		{D038D673-35EF-499C-94E4-9B74D3917417}.Release|Win32.Build.0 = Release|Win32
		{D038D673-35EF-499C-94E4-9B74D3917417}.Release64|Win32.ActiveCfg = Release|Win32
		{D038D673-35EF-499C-94E4-9B74D3917417}.Release64|Win32.Build.0 = Release|Win32
		{49DC2A51-D8CB-4B2B-8DFC-AD99FEE9A98A}.Debug Unicode|Win32.ActiveCfg = Debug|Win32
		{49DC2A51-D8CB-4B2B-8DFC-AD99FEE9A98A}.Debug Unicode|Win32.Build.0 = Debug|Win32
		{49DC2A51-D8CB-4B2B-8DFC-AD99FEE9A98A}.Debug|Win32.ActiveCfg = Debug|Win32
		{49DC2A51-D8CB-4B2B-8DFC-AD99FEE9A98A}.Debug|Win32.Build.0 = Debug|Win32
		{49DC2A51-D8CB-4B2B-8DFC-AD99FEE9A98A}.Release Unicode|Win32.ActiveCfg = Release|Win32
		{49DC2A51-D8CB-4B2B-8DFC-AD99FEE9A98A}.Release Unicode|Win32.Build.0 = Release|Win32
		{49DC2A51-D8CB-4B2B-8DFC-AD99FEE9A98A}.Release|Win32.ActiveCfg = Release|Win32
		{49DC2A51-D8CB-4B2B-8DFC-AD99FEE9A98A}.Release|Win32.Build.0 = Release|Win32
		{49DC2A51-D8CB-4B2B-8DFC-AD99FEE9A98A}.Release64|Win32.ActiveCfg = Release|Win32
		{49DC2A51-D8CB-4B2B-8DFC-AD99FEE9A98A}.Release64|Win32.Build.0 = Release|Win32
	EndGlobalSection
	GlobalSection(SolutionProperties) = preSolution
		HideSolutionNode = FALSE
	EndGlobalSection
EndGlobal
