<?xml version="1.0" encoding="utf-8"?>
<Project ToolsVersion="4.0" xmlns="http://schemas.microsoft.com/developer/msbuild/2003">
  <ItemGroup>
    <Filter Include="VIDEC_util">
      <UniqueIdentifier>{90af704d-3030-47eb-b400-d6dd4dce5178}</UniqueIdentifier>
    </Filter>
    <Filter Include="VIDEC_Camera">
      <UniqueIdentifier>{d27a6855-3bab-4894-86b2-eaa2fee6d558}</UniqueIdentifier>
    </Filter>
    <Filter Include="VIDEC_Common">
      <UniqueIdentifier>{23b612ac-3b17-4de7-9c0f-f9dca2a69475}</UniqueIdentifier>
    </Filter>
    <Filter Include="VIDEC_Win32">
      <UniqueIdentifier>{d449e19a-cb6b-4b71-8738-2e7810dc3962}</UniqueIdentifier>
    </Filter>
    <Filter Include="VIDEC_Codecs">
      <UniqueIdentifier>{5dc566a2-fe94-43bf-8f8d-7ebe2f0d0728}</UniqueIdentifier>
    </Filter>
    <Filter Include="VIDEC_PostProc">
      <UniqueIdentifier>{d45caa47-e28c-4b63-857b-2af6c78f4c10}</UniqueIdentifier>
    </Filter>
    <Filter Include="VIDEC_PreProc">
      <UniqueIdentifier>{6cebc157-2f9f-45da-b851-69b8ab351b93}</UniqueIdentifier>
    </Filter>
    <Filter Include="VIDEC_API">
      <UniqueIdentifier>{4c4bdd14-1004-4b41-bfee-75c13d0a1f39}</UniqueIdentifier>
    </Filter>
    <Filter Include="inc">
      <UniqueIdentifier>{698e9bc1-48eb-431b-89a8-222db24c889c}</UniqueIdentifier>
    </Filter>
    <Filter Include="inc\inc_VIDEC">
      <UniqueIdentifier>{a40091f6-6844-4fcc-919a-2b96243ea3ce}</UniqueIdentifier>
    </Filter>
    <Filter Include="VIDEC_convert">
      <UniqueIdentifier>{82424ebf-8aa4-4917-88e8-4e7cc36def05}</UniqueIdentifier>
    </Filter>
    <Filter Include="VIDEC_AH400">
      <UniqueIdentifier>{876cf10d-b42d-4495-a090-dfb8c0de7367}</UniqueIdentifier>
    </Filter>
    <Filter Include="VIDEC_Screen">
      <UniqueIdentifier>{9e423414-2305-493c-acfe-0626deaa4131}</UniqueIdentifier>
    </Filter>
    <Filter Include="VIDEC_Picture">
      <UniqueIdentifier>{42f177bd-2177-460a-b4b0-1d6547f6ce3a}</UniqueIdentifier>
    </Filter>
    <Filter Include="VIDEC_MediaFile">
      <UniqueIdentifier>{a66eaaf0-13a8-4761-b748-346072c5ab44}</UniqueIdentifier>
    </Filter>
    <Filter Include="VIDEC_Wnd">
      <UniqueIdentifier>{130d8179-e42d-45f0-b8f4-775cca309ea5}</UniqueIdentifier>
    </Filter>
    <Filter Include="VIDEC_RTP">
      <UniqueIdentifier>{bfc50909-7500-49b2-967e-592caf4568ea}</UniqueIdentifier>
    </Filter>
    <Filter Include="VIDEC_Transcode">
      <UniqueIdentifier>{33e44621-b689-42bb-ba01-2b50a75284b4}</UniqueIdentifier>
    </Filter>
    <Filter Include="VIDEC_AH2K">
      <UniqueIdentifier>{5a6b4d52-bc0c-46c6-8007-3c989ebe2916}</UniqueIdentifier>
    </Filter>
    <Filter Include="VIDEC_DVC">
      <UniqueIdentifier>{051f19e4-7e7a-47ea-b852-eab897f11f9f}</UniqueIdentifier>
    </Filter>
    <Filter Include="VIDEC_ICE">
      <UniqueIdentifier>{d3191464-8176-4a22-8296-8d95b214c929}</UniqueIdentifier>
    </Filter>
    <Filter Include="VIDEC_MP">
      <UniqueIdentifier>{d37c9a3a-15f0-47f4-bf2b-e092b26f0f94}</UniqueIdentifier>
    </Filter>
    <Filter Include="VIDEC_VQD">
      <UniqueIdentifier>{ff38b279-7fe7-408e-8138-11a28f4def8a}</UniqueIdentifier>
    </Filter>
  </ItemGroup>
  <ItemGroup>
    <ClCompile Include="..\VIDEC_util\CPUUSAGE.cpp">
      <Filter>VIDEC_util</Filter>
    </ClCompile>
    <ClCompile Include="..\VIDEC_util\VCapMemMang.cpp">
      <Filter>VIDEC_util</Filter>
    </ClCompile>
    <ClCompile Include="..\VIDEC_util\XAutoLock.cpp">
      <Filter>VIDEC_util</Filter>
    </ClCompile>
    <ClCompile Include="..\VIDEC_util\XBitrate.cpp">
      <Filter>VIDEC_util</Filter>
    </ClCompile>
    <ClCompile Include="..\VIDEC_util\XBitrateExt.cpp">
      <Filter>VIDEC_util</Filter>
    </ClCompile>
    <ClCompile Include="..\VIDEC_util\XBitrateRTP.cpp">
      <Filter>VIDEC_util</Filter>
    </ClCompile>
    <ClCompile Include="..\VIDEC_util\XCritSec.cpp">
      <Filter>VIDEC_util</Filter>
    </ClCompile>
    <ClCompile Include="..\VIDEC_util\XDataPool.cpp">
      <Filter>VIDEC_util</Filter>
    </ClCompile>
    <ClCompile Include="..\VIDEC_util\XListPtr.cpp">
      <Filter>VIDEC_util</Filter>
    </ClCompile>
    <ClCompile Include="..\VIDEC_util\XMemcpy.cpp">
      <Filter>VIDEC_util</Filter>
    </ClCompile>
    <ClCompile Include="..\VIDEC_util\XQueueBuffer.cpp">
      <Filter>VIDEC_util</Filter>
    </ClCompile>
    <ClCompile Include="..\VIDEC_util\XRTPPacket.cpp">
      <Filter>VIDEC_util</Filter>
    </ClCompile>
    <ClCompile Include="..\VIDEC_util\XSocket.cpp">
      <Filter>VIDEC_util</Filter>
    </ClCompile>
    <ClCompile Include="..\VIDEC_util\XSocketTCP.cpp">
      <Filter>VIDEC_util</Filter>
    </ClCompile>
    <ClCompile Include="..\VIDEC_util\XSocketUDP.cpp">
      <Filter>VIDEC_util</Filter>
    </ClCompile>
    <ClCompile Include="..\VIDEC_util\XThreadBase.cpp">
      <Filter>VIDEC_util</Filter>
    </ClCompile>
    <ClCompile Include="..\VIDEC_util\XThreadPool.cpp">
      <Filter>VIDEC_util</Filter>
    </ClCompile>
    <ClCompile Include="..\VIDEC_util\XUtil.cpp">
      <Filter>VIDEC_util</Filter>
    </ClCompile>
    <ClCompile Include="..\VIDEC_util\XWorkThread.cpp">
      <Filter>VIDEC_util</Filter>
    </ClCompile>
    <ClCompile Include="..\VIDEC_Camera\XCameraCap.cpp">
      <Filter>VIDEC_Camera</Filter>
    </ClCompile>
    <ClCompile Include="..\VIDEC_Camera\XCameraCapEx.cpp">
      <Filter>VIDEC_Camera</Filter>
    </ClCompile>
    <ClCompile Include="..\VIDEC_Camera\XCameraRender.cpp">
      <Filter>VIDEC_Camera</Filter>
    </ClCompile>
    <ClCompile Include="..\VIDEC_Camera\XCameraRenderEx.cpp">
      <Filter>VIDEC_Camera</Filter>
    </ClCompile>
    <ClCompile Include="..\VIDEC_Common\VIDEC.cpp">
      <Filter>VIDEC_Common</Filter>
    </ClCompile>
    <ClCompile Include="..\VIDEC_Common\VideoDevice.cpp">
      <Filter>VIDEC_Common</Filter>
    </ClCompile>
    <ClCompile Include="StdAfx.cpp">
      <Filter>VIDEC_Win32</Filter>
    </ClCompile>
    <ClCompile Include="VIDECApp.cpp">
      <Filter>VIDEC_Win32</Filter>
    </ClCompile>
    <ClCompile Include="..\VIDEC_Codecs\AH400PlayWrapper.cpp">
      <Filter>VIDEC_Codecs</Filter>
    </ClCompile>
    <ClCompile Include="..\VIDEC_Codecs\BaseRTPFrame.cpp">
      <Filter>VIDEC_Codecs</Filter>
    </ClCompile>
    <ClCompile Include="..\VIDEC_Codecs\H263PRTPFrame.cpp">
      <Filter>VIDEC_Codecs</Filter>
    </ClCompile>
    <ClCompile Include="..\VIDEC_Codecs\H263RTPFrame.cpp">
      <Filter>VIDEC_Codecs</Filter>
    </ClCompile>
    <ClCompile Include="..\VIDEC_Codecs\H264RTPFrame.cpp">
      <Filter>VIDEC_Codecs</Filter>
    </ClCompile>
    <ClCompile Include="..\VIDEC_Codecs\IntelCodecWrapper.cpp">
      <Filter>VIDEC_Codecs</Filter>
    </ClCompile>
    <ClCompile Include="..\VIDEC_Codecs\RawFile.cpp">
      <Filter>VIDEC_Codecs</Filter>
    </ClCompile>
    <ClCompile Include="..\VIDEC_Codecs\UserPlayWrapper.cpp">
      <Filter>VIDEC_Codecs</Filter>
    </ClCompile>
    <ClCompile Include="..\VIDEC_Codecs\VBRControl.cpp">
      <Filter>VIDEC_Codecs</Filter>
    </ClCompile>
    <ClCompile Include="..\VIDEC_Codecs\VIDECStreamDecoder.cpp">
      <Filter>VIDEC_Codecs</Filter>
    </ClCompile>
    <ClCompile Include="..\VIDEC_Codecs\VIDECUDAWrapper.cpp">
      <Filter>VIDEC_Codecs</Filter>
    </ClCompile>
    <ClCompile Include="..\VIDEC_Codecs\VIDECYNCWrapper.cpp">
      <Filter>VIDEC_Codecs</Filter>
    </ClCompile>
    <ClCompile Include="..\VIDEC_Codecs\x264enc.cpp">
      <Filter>VIDEC_Codecs</Filter>
    </ClCompile>
    <ClCompile Include="..\VIDEC_Codecs\XDecoderFrame.cpp">
      <Filter>VIDEC_Codecs</Filter>
    </ClCompile>
    <ClCompile Include="..\VIDEC_Codecs\XDecoderFrameAH400.cpp">
      <Filter>VIDEC_Codecs</Filter>
    </ClCompile>
    <ClCompile Include="..\VIDEC_Codecs\XDecoderFrameH263.cpp">
      <Filter>VIDEC_Codecs</Filter>
    </ClCompile>
    <ClCompile Include="..\VIDEC_Codecs\XDecoderFrameH264.cpp">
      <Filter>VIDEC_Codecs</Filter>
    </ClCompile>
    <ClCompile Include="..\VIDEC_Codecs\XDecoderFrameMPEG4.cpp">
      <Filter>VIDEC_Codecs</Filter>
    </ClCompile>
    <ClCompile Include="..\VIDEC_Codecs\XDecoderFrameUser.cpp">
      <Filter>VIDEC_Codecs</Filter>
    </ClCompile>
    <ClCompile Include="..\VIDEC_Codecs\XDecoderStream.cpp">
      <Filter>VIDEC_Codecs</Filter>
    </ClCompile>
    <ClCompile Include="..\VIDEC_Codecs\XDecoderStreamBase.cpp">
      <Filter>VIDEC_Codecs</Filter>
    </ClCompile>
    <ClCompile Include="..\VIDEC_Codecs\XDecoderStreamRTP.cpp">
      <Filter>VIDEC_Codecs</Filter>
    </ClCompile>
    <ClCompile Include="..\VIDEC_Codecs\XEncoderFrame.cpp">
      <Filter>VIDEC_Codecs</Filter>
    </ClCompile>
    <ClCompile Include="..\VIDEC_Codecs\XEncoderFrameH263.cpp">
      <Filter>VIDEC_Codecs</Filter>
    </ClCompile>
    <ClCompile Include="..\VIDEC_Codecs\XEncoderFrameH263P.cpp">
      <Filter>VIDEC_Codecs</Filter>
    </ClCompile>
    <ClCompile Include="..\VIDEC_Codecs\XEncoderFrameH264.cpp">
      <Filter>VIDEC_Codecs</Filter>
    </ClCompile>
    <ClCompile Include="..\VIDEC_Codecs\XEncoderFrameI264.cpp">
      <Filter>VIDEC_Codecs</Filter>
    </ClCompile>
    <ClCompile Include="..\VIDEC_Codecs\XEncoderFrameMPEG4.cpp">
      <Filter>VIDEC_Codecs</Filter>
    </ClCompile>
    <ClCompile Include="..\VIDEC_Codecs\XEncoderStream.cpp">
      <Filter>VIDEC_Codecs</Filter>
    </ClCompile>
    <ClCompile Include="..\VIDEC_PostProc\AVDeinterlace.cpp">
      <Filter>VIDEC_PostProc</Filter>
    </ClCompile>
    <ClCompile Include="..\VIDEC_PostProc\AVDenoise.cpp">
      <Filter>VIDEC_PostProc</Filter>
    </ClCompile>
    <ClCompile Include="..\VIDEC_PostProc\AVMPlayer.cpp">
      <Filter>VIDEC_PostProc</Filter>
    </ClCompile>
    <ClCompile Include="..\VIDEC_PostProc\AVPostprocess.cpp">
      <Filter>VIDEC_PostProc</Filter>
    </ClCompile>
    <ClCompile Include="..\VIDEC_PreProc\ContrastEnhance.cpp">
      <Filter>VIDEC_PreProc</Filter>
    </ClCompile>
    <ClCompile Include="..\VIDEC_PreProc\OSD.cpp">
      <Filter>VIDEC_PreProc</Filter>
    </ClCompile>
    <ClCompile Include="..\VIDEC_PreProc\XOSDFilter.cpp">
      <Filter>VIDEC_PreProc</Filter>
    </ClCompile>
    <ClCompile Include="..\VIDEC_PreProc\XPreProcess.cpp">
      <Filter>VIDEC_PreProc</Filter>
    </ClCompile>
    <ClCompile Include="..\VIDEC_API\AH2KDev.cpp">
      <Filter>VIDEC_API</Filter>
    </ClCompile>
    <ClCompile Include="..\VIDEC_API\AH2KDevMgr.cpp">
      <Filter>VIDEC_API</Filter>
    </ClCompile>
    <ClCompile Include="..\VIDEC_API\AH400Dev.cpp">
      <Filter>VIDEC_API</Filter>
    </ClCompile>
    <ClCompile Include="..\VIDEC_API\AH400DevMgr.cpp">
      <Filter>VIDEC_API</Filter>
    </ClCompile>
    <ClCompile Include="..\VIDEC_API\AVIFileWriter.cpp">
      <Filter>VIDEC_API</Filter>
    </ClCompile>
    <ClCompile Include="..\VIDEC_API\avilib.cpp">
      <Filter>VIDEC_API</Filter>
    </ClCompile>
    <ClCompile Include="..\Videc_api\AVIWriter.cpp">
      <Filter>VIDEC_API</Filter>
    </ClCompile>
    <ClCompile Include="..\Videc_api\DCRecord.cpp">
      <Filter>VIDEC_API</Filter>
    </ClCompile>
    <ClCompile Include="..\VIDEC_API\MKVFileWriter.cpp">
      <Filter>VIDEC_API</Filter>
    </ClCompile>
    <ClCompile Include="..\VIDEC_API\MP3FileWriter.cpp">
      <Filter>VIDEC_API</Filter>
    </ClCompile>
    <ClCompile Include="..\VIDEC_API\MP4FileWriter.cpp">
      <Filter>VIDEC_API</Filter>
    </ClCompile>
    <ClCompile Include="..\VIDEC_API\VideoRTPCall.cpp">
      <Filter>VIDEC_API</Filter>
    </ClCompile>
    <ClCompile Include="..\Videc_api\XCameraDev.cpp">
      <Filter>VIDEC_API</Filter>
    </ClCompile>
    <ClCompile Include="..\Videc_api\XCameraDevMgr.cpp">
      <Filter>VIDEC_API</Filter>
    </ClCompile>
    <ClCompile Include="..\Videc_api\XCapChan.cpp">
      <Filter>VIDEC_API</Filter>
    </ClCompile>
    <ClCompile Include="..\Videc_api\XCapChanRTP.cpp">
      <Filter>VIDEC_API</Filter>
    </ClCompile>
    <ClCompile Include="..\VIDEC_API\XImage.cpp">
      <Filter>VIDEC_API</Filter>
    </ClCompile>
    <ClCompile Include="..\Videc_api\XImageSink.cpp">
      <Filter>VIDEC_API</Filter>
    </ClCompile>
    <ClCompile Include="..\Videc_api\XImageSource.cpp">
      <Filter>VIDEC_API</Filter>
    </ClCompile>
    <ClCompile Include="..\VIDEC_API\XImageSourceAH2K.cpp">
      <Filter>VIDEC_API</Filter>
    </ClCompile>
    <ClCompile Include="..\VIDEC_API\XImageSourceAH400.cpp">
      <Filter>VIDEC_API</Filter>
    </ClCompile>
    <ClCompile Include="..\Videc_api\XImageSourceCamera.cpp">
      <Filter>VIDEC_API</Filter>
    </ClCompile>
    <ClCompile Include="..\Videc_api\XPlayChan.cpp">
      <Filter>VIDEC_API</Filter>
    </ClCompile>
    <ClCompile Include="..\Videc_api\XPlayChanRTP.cpp">
      <Filter>VIDEC_API</Filter>
    </ClCompile>
    <ClCompile Include="..\VIDEC_API\XResampleSTF.cpp">
      <Filter>VIDEC_API</Filter>
    </ClCompile>
    <ClCompile Include="..\VIDEC_API\XStreamSink.cpp">
      <Filter>VIDEC_API</Filter>
    </ClCompile>
    <ClCompile Include="..\VIDEC_API\XStreamSource.cpp">
      <Filter>VIDEC_API</Filter>
    </ClCompile>
    <ClCompile Include="..\VIDEC_convert\asharp.cpp">
      <Filter>VIDEC_convert</Filter>
    </ClCompile>
    <ClCompile Include="..\VIDEC_convert\PictProp.cpp">
      <Filter>VIDEC_convert</Filter>
    </ClCompile>
    <ClCompile Include="..\VIDEC_convert\SimpleResize.cpp">
      <Filter>VIDEC_convert</Filter>
    </ClCompile>
    <ClCompile Include="..\VIDEC_convert\VDPWrapper.cpp">
      <Filter>VIDEC_convert</Filter>
    </ClCompile>
    <ClCompile Include="..\VIDEC_convert\VIDEC_convert.cpp">
      <Filter>VIDEC_convert</Filter>
    </ClCompile>
    <ClCompile Include="..\VIDEC_convert\XDenoise.cpp">
      <Filter>VIDEC_convert</Filter>
    </ClCompile>
    <ClCompile Include="..\VIDEC_AH400\XAH400.cpp">
      <Filter>VIDEC_AH400</Filter>
    </ClCompile>
    <ClCompile Include="..\VIDEC_Screen\XDCCapture.cpp">
      <Filter>VIDEC_Screen</Filter>
    </ClCompile>
    <ClCompile Include="..\VIDEC_Screen\XDCCaptureSlice.cpp">
      <Filter>VIDEC_Screen</Filter>
    </ClCompile>
    <ClCompile Include="..\VIDEC_Screen\XScreenCapture.cpp">
      <Filter>VIDEC_Screen</Filter>
    </ClCompile>
    <ClCompile Include="..\VIDEC_Screen\XScreenCaptureSlice.cpp">
      <Filter>VIDEC_Screen</Filter>
    </ClCompile>
    <ClCompile Include="..\VIDEC_Picture\DShowPicture.cpp">
      <Filter>VIDEC_Picture</Filter>
    </ClCompile>
    <ClCompile Include="..\VIDEC_MediaFile\AudioFileCapture.cpp">
      <Filter>VIDEC_MediaFile</Filter>
    </ClCompile>
    <ClCompile Include="..\VIDEC_MediaFile\AVMSMediaFile.cpp">
      <Filter>VIDEC_MediaFile</Filter>
    </ClCompile>
    <ClCompile Include="..\VIDEC_MediaFile\AVMSWrapper.cpp">
      <Filter>VIDEC_MediaFile</Filter>
    </ClCompile>
    <ClCompile Include="..\VIDEC_MediaFile\MediaFileCapture.cpp">
      <Filter>VIDEC_MediaFile</Filter>
    </ClCompile>
    <ClCompile Include="..\VIDEC_Wnd\H264Player.cpp">
      <Filter>VIDEC_Wnd</Filter>
    </ClCompile>
    <ClCompile Include="..\VIDEC_Wnd\IYUVDraw.cpp">
      <Filter>VIDEC_Wnd</Filter>
    </ClCompile>
    <ClCompile Include="..\VIDEC_Wnd\LocalVideoWindow.cpp">
      <Filter>VIDEC_Wnd</Filter>
    </ClCompile>
    <ClCompile Include="..\VIDEC_Wnd\MyBitMap.cpp">
      <Filter>VIDEC_Wnd</Filter>
    </ClCompile>
    <ClCompile Include="..\VIDEC_Wnd\SDRDraw.cpp">
      <Filter>VIDEC_Wnd</Filter>
    </ClCompile>
    <ClCompile Include="..\VIDEC_Wnd\SDRDrawFilter.cpp">
      <Filter>VIDEC_Wnd</Filter>
    </ClCompile>
    <ClCompile Include="..\VIDEC_Wnd\SDRDrawPin.cpp">
      <Filter>VIDEC_Wnd</Filter>
    </ClCompile>
    <ClCompile Include="..\VIDEC_Wnd\VideoPlayer.cpp">
      <Filter>VIDEC_Wnd</Filter>
    </ClCompile>
    <ClCompile Include="..\VIDEC_Wnd\VideoPlayerWnd.cpp">
      <Filter>VIDEC_Wnd</Filter>
    </ClCompile>
    <ClCompile Include="..\VIDEC_Wnd\XFramePool.cpp">
      <Filter>VIDEC_Wnd</Filter>
    </ClCompile>
    <ClCompile Include="..\VIDEC_Wnd\XVideoDisplay.cpp">
      <Filter>VIDEC_Wnd</Filter>
    </ClCompile>
    <ClCompile Include="..\VIDEC_RTP\H264Frame2RTP.cpp">
      <Filter>VIDEC_RTP</Filter>
    </ClCompile>
    <ClCompile Include="..\VIDEC_RTP\RTPBuffer.cpp">
      <Filter>VIDEC_RTP</Filter>
    </ClCompile>
    <ClCompile Include="..\VIDEC_RTP\RTPJitterBuffer.cpp">
      <Filter>VIDEC_RTP</Filter>
    </ClCompile>
    <ClCompile Include="..\VIDEC_RTP\RTPTick.cpp">
      <Filter>VIDEC_RTP</Filter>
    </ClCompile>
    <ClCompile Include="..\VIDEC_RTP\VideoRTPSession.cpp">
      <Filter>VIDEC_RTP</Filter>
    </ClCompile>
    <ClCompile Include="..\VIDEC_Transcode\Transcode.cpp">
      <Filter>VIDEC_Transcode</Filter>
    </ClCompile>
    <ClCompile Include="..\VIDEC_AH2K\AH2KCap.cpp">
      <Filter>VIDEC_AH2K</Filter>
    </ClCompile>
    <ClCompile Include="..\VIDEC_AH2K\AH2KWrapper.cpp">
      <Filter>VIDEC_AH2K</Filter>
    </ClCompile>
    <ClCompile Include="..\VIDEC_DVC\DVCCap.cpp">
      <Filter>VIDEC_DVC</Filter>
    </ClCompile>
    <ClCompile Include="..\VIDEC_API\DVCDev.cpp">
      <Filter>VIDEC_DVC</Filter>
    </ClCompile>
    <ClCompile Include="..\VIDEC_API\DVCDevMgr.cpp">
      <Filter>VIDEC_DVC</Filter>
    </ClCompile>
    <ClCompile Include="..\VIDEC_DVC\DVCWrapper.cpp">
      <Filter>VIDEC_DVC</Filter>
    </ClCompile>
    <ClCompile Include="..\VIDEC_API\XImageSourceDVC.cpp">
      <Filter>VIDEC_DVC</Filter>
    </ClCompile>
    <ClCompile Include="..\VIDEC_ICE\ICEWrapper.cpp">
      <Filter>VIDEC_ICE</Filter>
    </ClCompile>
    <ClCompile Include="..\VIDEC_ICE\ImageColorEnhance.cpp">
      <Filter>VIDEC_ICE</Filter>
    </ClCompile>
    <ClCompile Include="..\VIDEC_MP\ImageInput.cpp">
      <Filter>VIDEC_MP</Filter>
    </ClCompile>
    <ClCompile Include="..\VIDEC_MP\ImageMixer.cpp">
      <Filter>VIDEC_MP</Filter>
    </ClCompile>
    <ClCompile Include="..\VIDEC_MP\MPScreen.cpp">
      <Filter>VIDEC_MP</Filter>
    </ClCompile>
    <ClCompile Include="..\VIDEC_VQD\VQDThread.cpp">
      <Filter>VIDEC_VQD</Filter>
    </ClCompile>
    <ClCompile Include="..\VIDEC_VQD\VQDWrapper.cpp">
      <Filter>VIDEC_VQD</Filter>
    </ClCompile>
  </ItemGroup>
  <ItemGroup>
    <ClInclude Include="..\VIDEC_util\CPUUSAGE.h">
      <Filter>VIDEC_util</Filter>
    </ClInclude>
    <ClInclude Include="..\VIDEC_util\VCapMemMang.h">
      <Filter>VIDEC_util</Filter>
    </ClInclude>
    <ClInclude Include="..\VIDEC_util\XAutoLock.h">
      <Filter>VIDEC_util</Filter>
    </ClInclude>
    <ClInclude Include="..\VIDEC_util\XBitrate.h">
      <Filter>VIDEC_util</Filter>
    </ClInclude>
    <ClInclude Include="..\VIDEC_util\XBitrateExt.h">
      <Filter>VIDEC_util</Filter>
    </ClInclude>
    <ClInclude Include="..\VIDEC_util\XBitrateRTP.h">
      <Filter>VIDEC_util</Filter>
    </ClInclude>
    <ClInclude Include="..\VIDEC_util\XCritSec.h">
      <Filter>VIDEC_util</Filter>
    </ClInclude>
    <ClInclude Include="..\VIDEC_util\XDataPool.h">
      <Filter>VIDEC_util</Filter>
    </ClInclude>
    <ClInclude Include="..\VIDEC_util\XListPtr.h">
      <Filter>VIDEC_util</Filter>
    </ClInclude>
    <ClInclude Include="..\VIDEC_util\XMemcpy.h">
      <Filter>VIDEC_util</Filter>
    </ClInclude>
    <ClInclude Include="..\VIDEC_util\XQueueBuffer.h">
      <Filter>VIDEC_util</Filter>
    </ClInclude>
    <ClInclude Include="..\VIDEC_util\XRTPPacket.h">
      <Filter>VIDEC_util</Filter>
    </ClInclude>
    <ClInclude Include="..\VIDEC_util\XSocket.h">
      <Filter>VIDEC_util</Filter>
    </ClInclude>
    <ClInclude Include="..\VIDEC_util\XSocketTCP.h">
      <Filter>VIDEC_util</Filter>
    </ClInclude>
    <ClInclude Include="..\VIDEC_util\XSocketUDP.h">
      <Filter>VIDEC_util</Filter>
    </ClInclude>
    <ClInclude Include="..\VIDEC_util\XThreadBase.h">
      <Filter>VIDEC_util</Filter>
    </ClInclude>
    <ClInclude Include="..\VIDEC_util\XThreadPool.h">
      <Filter>VIDEC_util</Filter>
    </ClInclude>
    <ClInclude Include="..\VIDEC_util\XUtil.h">
      <Filter>VIDEC_util</Filter>
    </ClInclude>
    <ClInclude Include="..\VIDEC_util\XWorkThread.h">
      <Filter>VIDEC_util</Filter>
    </ClInclude>
    <ClInclude Include="..\VIDEC_Camera\XCameraCap.h">
      <Filter>VIDEC_Camera</Filter>
    </ClInclude>
    <ClInclude Include="..\VIDEC_Camera\XCameraCapEx.h">
      <Filter>VIDEC_Camera</Filter>
    </ClInclude>
    <ClInclude Include="..\VIDEC_Camera\XCameraRender.h">
      <Filter>VIDEC_Camera</Filter>
    </ClInclude>
    <ClInclude Include="..\VIDEC_Camera\XCameraRenderEx.h">
      <Filter>VIDEC_Camera</Filter>
    </ClInclude>
    <ClInclude Include="..\VIDEC_Common\VideoDevice.h">
      <Filter>VIDEC_Common</Filter>
    </ClInclude>
    <ClInclude Include="Resource.h">
      <Filter>VIDEC_Win32</Filter>
    </ClInclude>
    <ClInclude Include="StdAfx.h">
      <Filter>VIDEC_Win32</Filter>
    </ClInclude>
    <ClInclude Include="VIDECApp.h">
      <Filter>VIDEC_Win32</Filter>
    </ClInclude>
    <ClInclude Include="..\VIDEC_Codecs\AH400PlayWrapper.h">
      <Filter>VIDEC_Codecs</Filter>
    </ClInclude>
    <ClInclude Include="..\VIDEC_Codecs\AVCONH264Header.h">
      <Filter>VIDEC_Codecs</Filter>
    </ClInclude>
    <ClInclude Include="..\VIDEC_Codecs\BaseRTPFrame.h">
      <Filter>VIDEC_Codecs</Filter>
    </ClInclude>
    <ClInclude Include="..\VIDEC_Codecs\H263PRTPFrame.h">
      <Filter>VIDEC_Codecs</Filter>
    </ClInclude>
    <ClInclude Include="..\VIDEC_Codecs\H263RTPFrame.h">
      <Filter>VIDEC_Codecs</Filter>
    </ClInclude>
    <ClInclude Include="..\VIDEC_Codecs\H264RTPFrame.h">
      <Filter>VIDEC_Codecs</Filter>
    </ClInclude>
    <ClInclude Include="..\VIDEC_Codecs\IntelCodecWrapper.h">
      <Filter>VIDEC_Codecs</Filter>
    </ClInclude>
    <ClInclude Include="..\VIDEC_Codecs\RawFile.h">
      <Filter>VIDEC_Codecs</Filter>
    </ClInclude>
    <ClInclude Include="..\VIDEC_Codecs\UserPlayWrapper.h">
      <Filter>VIDEC_Codecs</Filter>
    </ClInclude>
    <ClInclude Include="..\VIDEC_Codecs\VBRControl.h">
      <Filter>VIDEC_Codecs</Filter>
    </ClInclude>
    <ClInclude Include="..\VIDEC_Codecs\VIDECStreamDecoder.h">
      <Filter>VIDEC_Codecs</Filter>
    </ClInclude>
    <ClInclude Include="..\VIDEC_Codecs\VIDECUDAWrapper.h">
      <Filter>VIDEC_Codecs</Filter>
    </ClInclude>
    <ClInclude Include="..\VIDEC_Codecs\VIDECYNCWrapper.h">
      <Filter>VIDEC_Codecs</Filter>
    </ClInclude>
    <ClInclude Include="..\VIDEC_Codecs\x264enc.h">
      <Filter>VIDEC_Codecs</Filter>
    </ClInclude>
    <ClInclude Include="..\VIDEC_Codecs\XDecoderFrame.h">
      <Filter>VIDEC_Codecs</Filter>
    </ClInclude>
    <ClInclude Include="..\VIDEC_Codecs\XDecoderFrameAH400.h">
      <Filter>VIDEC_Codecs</Filter>
    </ClInclude>
    <ClInclude Include="..\VIDEC_Codecs\XDecoderFrameH263.h">
      <Filter>VIDEC_Codecs</Filter>
    </ClInclude>
    <ClInclude Include="..\VIDEC_Codecs\XDecoderFrameH264.h">
      <Filter>VIDEC_Codecs</Filter>
    </ClInclude>
    <ClInclude Include="..\VIDEC_Codecs\XDecoderFrameMPEG4.h">
      <Filter>VIDEC_Codecs</Filter>
    </ClInclude>
    <ClInclude Include="..\VIDEC_Codecs\XDecoderFrameUser.h">
      <Filter>VIDEC_Codecs</Filter>
    </ClInclude>
    <ClInclude Include="..\VIDEC_Codecs\XDecoderStream.h">
      <Filter>VIDEC_Codecs</Filter>
    </ClInclude>
    <ClInclude Include="..\VIDEC_Codecs\XDecoderStreamBase.h">
      <Filter>VIDEC_Codecs</Filter>
    </ClInclude>
    <ClInclude Include="..\VIDEC_Codecs\XDecoderStreamRTP.h">
      <Filter>VIDEC_Codecs</Filter>
    </ClInclude>
    <ClInclude Include="..\VIDEC_Codecs\XEncoderFrame.h">
      <Filter>VIDEC_Codecs</Filter>
    </ClInclude>
    <ClInclude Include="..\VIDEC_Codecs\XEncoderFrameH263.h">
      <Filter>VIDEC_Codecs</Filter>
    </ClInclude>
    <ClInclude Include="..\VIDEC_Codecs\XEncoderFrameH263P.h">
      <Filter>VIDEC_Codecs</Filter>
    </ClInclude>
    <ClInclude Include="..\VIDEC_Codecs\XEncoderFrameH264.h">
      <Filter>VIDEC_Codecs</Filter>
    </ClInclude>
    <ClInclude Include="..\VIDEC_Codecs\XEncoderFrameI264.h">
      <Filter>VIDEC_Codecs</Filter>
    </ClInclude>
    <ClInclude Include="..\VIDEC_Codecs\XEncoderFrameMPEG4.h">
      <Filter>VIDEC_Codecs</Filter>
    </ClInclude>
    <ClInclude Include="..\VIDEC_Codecs\XEncoderStream.h">
      <Filter>VIDEC_Codecs</Filter>
    </ClInclude>
    <ClInclude Include="..\VIDEC_PostProc\AVDeinterlace.h">
      <Filter>VIDEC_PostProc</Filter>
    </ClInclude>
    <ClInclude Include="..\VIDEC_PostProc\AVDenoise.h">
      <Filter>VIDEC_PostProc</Filter>
    </ClInclude>
    <ClInclude Include="..\VIDEC_PostProc\AVMPlayer.h">
      <Filter>VIDEC_PostProc</Filter>
    </ClInclude>
    <ClInclude Include="..\VIDEC_PostProc\AVPostprocess.h">
      <Filter>VIDEC_PostProc</Filter>
    </ClInclude>
    <ClInclude Include="..\VIDEC_PreProc\ContrastEnhance.h">
      <Filter>VIDEC_PreProc</Filter>
    </ClInclude>
    <ClInclude Include="..\VIDEC_PreProc\libXPreProc.h">
      <Filter>VIDEC_PreProc</Filter>
    </ClInclude>
    <ClInclude Include="..\VIDEC_PreProc\OSD.h">
      <Filter>VIDEC_PreProc</Filter>
    </ClInclude>
    <ClInclude Include="..\VIDEC_PreProc\XOSDFilter.h">
      <Filter>VIDEC_PreProc</Filter>
    </ClInclude>
    <ClInclude Include="..\VIDEC_PreProc\XPreProcess.h">
      <Filter>VIDEC_PreProc</Filter>
    </ClInclude>
    <ClInclude Include="..\VIDEC_API\AH2KDev.h">
      <Filter>VIDEC_API</Filter>
    </ClInclude>
    <ClInclude Include="..\VIDEC_API\AH2KDevMgr.h">
      <Filter>VIDEC_API</Filter>
    </ClInclude>
    <ClInclude Include="..\VIDEC_API\AH400Dev.h">
      <Filter>VIDEC_API</Filter>
    </ClInclude>
    <ClInclude Include="..\VIDEC_API\AH400DevMgr.h">
      <Filter>VIDEC_API</Filter>
    </ClInclude>
    <ClInclude Include="..\VIDEC_API\AVIFileWriter.h">
      <Filter>VIDEC_API</Filter>
    </ClInclude>
    <ClInclude Include="..\VIDEC_API\avilib.h">
      <Filter>VIDEC_API</Filter>
    </ClInclude>
    <ClInclude Include="..\Videc_api\AVIWriter.h">
      <Filter>VIDEC_API</Filter>
    </ClInclude>
    <ClInclude Include="..\Videc_api\DCRecord.h">
      <Filter>VIDEC_API</Filter>
    </ClInclude>
    <ClInclude Include="..\VIDEC_API\IFileWriter.h">
      <Filter>VIDEC_API</Filter>
    </ClInclude>
    <ClInclude Include="..\VIDEC_API\IXResample.h">
      <Filter>VIDEC_API</Filter>
    </ClInclude>
    <ClInclude Include="..\VIDEC_API\largefilter.h">
      <Filter>VIDEC_API</Filter>
    </ClInclude>
    <ClInclude Include="..\VIDEC_API\MKVFileWriter.h">
      <Filter>VIDEC_API</Filter>
    </ClInclude>
    <ClInclude Include="..\VIDEC_API\MP3FileWriter.h">
      <Filter>VIDEC_API</Filter>
    </ClInclude>
    <ClInclude Include="..\VIDEC_API\MP4FileWriter.h">
      <Filter>VIDEC_API</Filter>
    </ClInclude>
    <ClInclude Include="..\VIDEC_API\smallfilter.h">
      <Filter>VIDEC_API</Filter>
    </ClInclude>
    <ClInclude Include="..\VIDEC_API\VideoRTPCall.h">
      <Filter>VIDEC_API</Filter>
    </ClInclude>
    <ClInclude Include="..\Videc_api\XCameraDev.h">
      <Filter>VIDEC_API</Filter>
    </ClInclude>
    <ClInclude Include="..\Videc_api\XCameraDevMgr.h">
      <Filter>VIDEC_API</Filter>
    </ClInclude>
    <ClInclude Include="..\Videc_api\XCapChan.h">
      <Filter>VIDEC_API</Filter>
    </ClInclude>
    <ClInclude Include="..\Videc_api\XCapChanRTP.h">
      <Filter>VIDEC_API</Filter>
    </ClInclude>
    <ClInclude Include="..\VIDEC_API\XImage.h">
      <Filter>VIDEC_API</Filter>
    </ClInclude>
    <ClInclude Include="..\Videc_api\XImageSink.h">
      <Filter>VIDEC_API</Filter>
    </ClInclude>
    <ClInclude Include="..\Videc_api\XImageSource.h">
      <Filter>VIDEC_API</Filter>
    </ClInclude>
    <ClInclude Include="..\VIDEC_API\XImageSourceAH2K.h">
      <Filter>VIDEC_API</Filter>
    </ClInclude>
    <ClInclude Include="..\VIDEC_API\XImageSourceAH400.h">
      <Filter>VIDEC_API</Filter>
    </ClInclude>
    <ClInclude Include="..\Videc_api\XImageSourceCamera.h">
      <Filter>VIDEC_API</Filter>
    </ClInclude>
    <ClInclude Include="..\Videc_api\XPlayChan.h">
      <Filter>VIDEC_API</Filter>
    </ClInclude>
    <ClInclude Include="..\Videc_api\XPlayChanRTP.h">
      <Filter>VIDEC_API</Filter>
    </ClInclude>
    <ClInclude Include="..\VIDEC_API\XResampleSTF.h">
      <Filter>VIDEC_API</Filter>
    </ClInclude>
    <ClInclude Include="..\VIDEC_API\XStreamSink.h">
      <Filter>VIDEC_API</Filter>
    </ClInclude>
    <ClInclude Include="..\VIDEC_API\XStreamSource.h">
      <Filter>VIDEC_API</Filter>
    </ClInclude>
    <ClInclude Include="..\version.h">
      <Filter>inc</Filter>
    </ClInclude>
    <ClInclude Include="..\inc\VIDEC_convert.h">
      <Filter>inc</Filter>
    </ClInclude>
    <ClInclude Include="..\inc\VIDEC_PictProp.h">
      <Filter>inc</Filter>
    </ClInclude>
    <ClInclude Include="..\..\include\VIDEC\VIDEC.h">
      <Filter>inc\inc_VIDEC</Filter>
    </ClInclude>
    <ClInclude Include="..\..\include\VIDEC\VIDEC_AH2K.h">
      <Filter>inc\inc_VIDEC</Filter>
    </ClInclude>
    <ClInclude Include="..\..\include\VIDEC\VIDEC_AH2KDev.h">
      <Filter>inc\inc_VIDEC</Filter>
    </ClInclude>
    <ClInclude Include="..\..\include\VIDEC\VIDEC_AH400.h">
      <Filter>inc\inc_VIDEC</Filter>
    </ClInclude>
    <ClInclude Include="..\..\include\VIDEC\VIDEC_AH400Dev.h">
      <Filter>inc\inc_VIDEC</Filter>
    </ClInclude>
    <ClInclude Include="..\..\include\VIDEC\VIDEC_AudioFile.h">
      <Filter>inc\inc_VIDEC</Filter>
    </ClInclude>
    <ClInclude Include="..\..\include\VIDEC\VIDEC_AVIWriter.h">
      <Filter>inc\inc_VIDEC</Filter>
    </ClInclude>
    <ClInclude Include="..\..\include\VIDEC\VIDEC_Camera.h">
      <Filter>inc\inc_VIDEC</Filter>
    </ClInclude>
    <ClInclude Include="..\..\include\VIDEC\VIDEC_CameraDev.h">
      <Filter>inc\inc_VIDEC</Filter>
    </ClInclude>
    <ClInclude Include="..\..\include\VIDEC\VIDEC_Codec.h">
      <Filter>inc\inc_VIDEC</Filter>
    </ClInclude>
    <ClInclude Include="..\..\include\VIDEC\VIDEC_CodecDef.h">
      <Filter>inc\inc_VIDEC</Filter>
    </ClInclude>
    <ClInclude Include="..\..\include\VIDEC\VIDEC_Config.h">
      <Filter>inc\inc_VIDEC</Filter>
    </ClInclude>
    <ClInclude Include="..\..\include\VIDEC\VIDEC_DC.h">
      <Filter>inc\inc_VIDEC</Filter>
    </ClInclude>
    <ClInclude Include="..\..\include\VIDEC\VIDEC_DCRecord.h">
      <Filter>inc\inc_VIDEC</Filter>
    </ClInclude>
    <ClInclude Include="..\..\include\VIDEC\VIDEC_Decoder.h">
      <Filter>inc\inc_VIDEC</Filter>
    </ClInclude>
    <ClInclude Include="..\..\include\VIDEC\VIDEC_Device.h">
      <Filter>inc\inc_VIDEC</Filter>
    </ClInclude>
    <ClInclude Include="..\..\include\VIDEC\VIDEC_Encoder.h">
      <Filter>inc\inc_VIDEC</Filter>
    </ClInclude>
    <ClInclude Include="..\..\include\VIDEC\VIDEC_Export.h">
      <Filter>inc\inc_VIDEC</Filter>
    </ClInclude>
    <ClInclude Include="..\..\include\VIDEC\VIDEC_Header.h">
      <Filter>inc\inc_VIDEC</Filter>
    </ClInclude>
    <ClInclude Include="..\..\include\VIDEC\VIDEC_HeaderV1.h">
      <Filter>inc\inc_VIDEC</Filter>
    </ClInclude>
    <ClInclude Include="..\..\include\VIDEC\VIDEC_IPCamera.h">
      <Filter>inc\inc_VIDEC</Filter>
    </ClInclude>
    <ClInclude Include="..\..\include\VIDEC\VIDEC_MediaFile.h">
      <Filter>inc\inc_VIDEC</Filter>
    </ClInclude>
    <ClInclude Include="..\..\include\VIDEC\VIDEC_Picture.h">
      <Filter>inc\inc_VIDEC</Filter>
    </ClInclude>
    <ClInclude Include="..\..\include\VIDEC\VIDEC_Player.h">
      <Filter>inc\inc_VIDEC</Filter>
    </ClInclude>
    <ClInclude Include="..\..\include\VIDEC\VIDEC_RTPCall.h">
      <Filter>inc\inc_VIDEC</Filter>
    </ClInclude>
    <ClInclude Include="..\..\include\VIDEC\VIDEC_Screen.h">
      <Filter>inc\inc_VIDEC</Filter>
    </ClInclude>
    <ClInclude Include="..\..\include\VIDEC\VIDEC_StreamDecoder.h">
      <Filter>inc\inc_VIDEC</Filter>
    </ClInclude>
    <ClInclude Include="..\..\include\VIDEC\VIDEC_VideoWnd.h">
      <Filter>inc\inc_VIDEC</Filter>
    </ClInclude>
    <ClInclude Include="..\..\include\VIDEC\VIDEC_VQD.h">
      <Filter>inc\inc_VIDEC</Filter>
    </ClInclude>
    <ClInclude Include="..\VIDEC_convert\asharp.h">
      <Filter>VIDEC_convert</Filter>
    </ClInclude>
    <ClInclude Include="..\VIDEC_convert\PictProp.h">
      <Filter>VIDEC_convert</Filter>
    </ClInclude>
    <ClInclude Include="..\VIDEC_convert\SimpleResize.h">
      <Filter>VIDEC_convert</Filter>
    </ClInclude>
    <ClInclude Include="..\VIDEC_convert\VDPWrapper.h">
      <Filter>VIDEC_convert</Filter>
    </ClInclude>
    <ClInclude Include="..\VIDEC_convert\VDResize.h">
      <Filter>VIDEC_convert</Filter>
    </ClInclude>
    <ClInclude Include="..\VIDEC_convert\XDenoise.h">
      <Filter>VIDEC_convert</Filter>
    </ClInclude>
    <ClInclude Include="..\VIDEC_AH400\XAH400.h">
      <Filter>VIDEC_AH400</Filter>
    </ClInclude>
    <ClInclude Include="..\VIDEC_Screen\XDCCapture.h">
      <Filter>VIDEC_Screen</Filter>
    </ClInclude>
    <ClInclude Include="..\VIDEC_Screen\XDCCaptureSlice.h">
      <Filter>VIDEC_Screen</Filter>
    </ClInclude>
    <ClInclude Include="..\VIDEC_Screen\XScreenCapture.h">
      <Filter>VIDEC_Screen</Filter>
    </ClInclude>
    <ClInclude Include="..\VIDEC_Screen\XScreenCaptureSlice.h">
      <Filter>VIDEC_Screen</Filter>
    </ClInclude>
    <ClInclude Include="..\VIDEC_Picture\DShowPicture.h">
      <Filter>VIDEC_Picture</Filter>
    </ClInclude>
    <ClInclude Include="..\Videc\VIDEC_Picture.h">
      <Filter>VIDEC_Picture</Filter>
    </ClInclude>
    <ClInclude Include="..\VIDEC_MediaFile\AudioFileCapture.h">
      <Filter>VIDEC_MediaFile</Filter>
    </ClInclude>
    <ClInclude Include="..\VIDEC_MediaFile\AVMSMediaFile.h">
      <Filter>VIDEC_MediaFile</Filter>
    </ClInclude>
    <ClInclude Include="..\VIDEC_MediaFile\AVMSWrapper.h">
      <Filter>VIDEC_MediaFile</Filter>
    </ClInclude>
    <ClInclude Include="..\VIDEC_MediaFile\MediaFileCapture.h">
      <Filter>VIDEC_MediaFile</Filter>
    </ClInclude>
    <ClInclude Include="..\VIDEC_Wnd\DoubleFrameRate.h">
      <Filter>VIDEC_Wnd</Filter>
    </ClInclude>
    <ClInclude Include="..\VIDEC_Wnd\H264Player.h">
      <Filter>VIDEC_Wnd</Filter>
    </ClInclude>
    <ClInclude Include="..\VIDEC_Wnd\IYUVDraw.h">
      <Filter>VIDEC_Wnd</Filter>
    </ClInclude>
    <ClInclude Include="..\VIDEC_Wnd\LocalVideoWindow.h">
      <Filter>VIDEC_Wnd</Filter>
    </ClInclude>
    <ClInclude Include="..\VIDEC_Wnd\MyBitMap.h">
      <Filter>VIDEC_Wnd</Filter>
    </ClInclude>
    <ClInclude Include="..\VIDEC_Wnd\SDRDraw.h">
      <Filter>VIDEC_Wnd</Filter>
    </ClInclude>
    <ClInclude Include="..\VIDEC_Wnd\SDRDrawFilter.h">
      <Filter>VIDEC_Wnd</Filter>
    </ClInclude>
    <ClInclude Include="..\VIDEC_Wnd\SDRDrawPin.h">
      <Filter>VIDEC_Wnd</Filter>
    </ClInclude>
    <ClInclude Include="..\VIDEC_Wnd\VideoDisplay.h">
      <Filter>VIDEC_Wnd</Filter>
    </ClInclude>
    <ClInclude Include="..\VIDEC_Wnd\VideoPlayer.h">
      <Filter>VIDEC_Wnd</Filter>
    </ClInclude>
    <ClInclude Include="..\VIDEC_Wnd\VideoPlayerWnd.h">
      <Filter>VIDEC_Wnd</Filter>
    </ClInclude>
    <ClInclude Include="..\VIDEC_Wnd\XFramePool.h">
      <Filter>VIDEC_Wnd</Filter>
    </ClInclude>
    <ClInclude Include="..\VIDEC_Wnd\XVideoDisplay.h">
      <Filter>VIDEC_Wnd</Filter>
    </ClInclude>
    <ClInclude Include="..\VIDEC_RTP\H264Frame2RTP.h">
      <Filter>VIDEC_RTP</Filter>
    </ClInclude>
    <ClInclude Include="..\VIDEC_RTP\RTPBuffer.h">
      <Filter>VIDEC_RTP</Filter>
    </ClInclude>
    <ClInclude Include="..\VIDEC_RTP\RTPHeader.h">
      <Filter>VIDEC_RTP</Filter>
    </ClInclude>
    <ClInclude Include="..\VIDEC_RTP\RTPJitterBuffer.h">
      <Filter>VIDEC_RTP</Filter>
    </ClInclude>
    <ClInclude Include="..\VIDEC_RTP\RTPTick.h">
      <Filter>VIDEC_RTP</Filter>
    </ClInclude>
    <ClInclude Include="..\VIDEC_RTP\VideoRTPSession.h">
      <Filter>VIDEC_RTP</Filter>
    </ClInclude>
    <ClInclude Include="..\VIDEC_Transcode\Transcode.h">
      <Filter>VIDEC_Transcode</Filter>
    </ClInclude>
    <ClInclude Include="..\..\include\VIDEC\VIDEC_Transcode.h">
      <Filter>VIDEC_Transcode</Filter>
    </ClInclude>
    <ClInclude Include="..\VIDEC_AH2K\AH2KCap.h">
      <Filter>VIDEC_AH2K</Filter>
    </ClInclude>
    <ClInclude Include="..\VIDEC_AH2K\AH2KWrapper.h">
      <Filter>VIDEC_AH2K</Filter>
    </ClInclude>
    <ClInclude Include="..\VIDEC_DVC\DVCCap.h">
      <Filter>VIDEC_DVC</Filter>
    </ClInclude>
    <ClInclude Include="..\VIDEC_API\DVCDev.h">
      <Filter>VIDEC_DVC</Filter>
    </ClInclude>
    <ClInclude Include="..\VIDEC_API\DVCDevMgr.h">
      <Filter>VIDEC_DVC</Filter>
    </ClInclude>
    <ClInclude Include="..\VIDEC_DVC\DVCWrapper.h">
      <Filter>VIDEC_DVC</Filter>
    </ClInclude>
    <ClInclude Include="..\..\include\VIDEC\VIDEC_DVC.h">
      <Filter>VIDEC_DVC</Filter>
    </ClInclude>
    <ClInclude Include="..\..\include\VIDEC\VIDEC_DVCDev.h">
      <Filter>VIDEC_DVC</Filter>
    </ClInclude>
    <ClInclude Include="..\VIDEC_API\XImageSourceDVC.h">
      <Filter>VIDEC_DVC</Filter>
    </ClInclude>
    <ClInclude Include="..\VIDEC_ICE\ICEWrapper.h">
      <Filter>VIDEC_ICE</Filter>
    </ClInclude>
    <ClInclude Include="..\VIDEC_ICE\ImageColorEnhance.h">
      <Filter>VIDEC_ICE</Filter>
    </ClInclude>
    <ClInclude Include="..\VIDEC_MP\ImageInput.h">
      <Filter>VIDEC_MP</Filter>
    </ClInclude>
    <ClInclude Include="..\VIDEC_MP\ImageMixer.h">
      <Filter>VIDEC_MP</Filter>
    </ClInclude>
    <ClInclude Include="..\VIDEC_MP\MPScreen.h">
      <Filter>VIDEC_MP</Filter>
    </ClInclude>
    <ClInclude Include="..\VIDEC_VQD\VQDThread.h">
      <Filter>VIDEC_VQD</Filter>
    </ClInclude>
    <ClInclude Include="..\VIDEC_VQD\VQDWrapper.h">
      <Filter>VIDEC_VQD</Filter>
    </ClInclude>
  </ItemGroup>
  <ItemGroup>
    <Text Include="ReadMe.txt">
      <Filter>VIDEC_Win32</Filter>
    </Text>
  </ItemGroup>
  <ItemGroup>
    <None Include="VIDEC.def">
      <Filter>VIDEC_Win32</Filter>
    </None>
    <None Include="res\VIDEC.rc2">
      <Filter>VIDEC_Win32</Filter>
    </None>
  </ItemGroup>
  <ItemGroup>
    <ResourceCompile Include="VIDEC.rc">
      <Filter>VIDEC_Win32</Filter>
    </ResourceCompile>
  </ItemGroup>
  <ItemGroup>
    <Image Include="res\no_video.bmp" />
  </ItemGroup>
  <ItemGroup>
    <CustomBuild Include="..\VIDEC_convert\x64_convert_asm.asm" />
    <CustomBuild Include="..\VIDEC_Wnd\X64BilinearAsm.asm" />
  </ItemGroup>
</Project>