
Microsoft Visual Studio Solution File, Format Version 10.00
# Visual Studio 2008
Project("{8BC9CEB8-8B4A-11D0-8D11-00A0C91BC942}") = "MPVideo", "MPVideo.vcproj", "{8E213316-A4AB-417E-A550-1166E6ABD4A2}"
	ProjectSection(ProjectDependencies) = postProject
		{FD354C47-16B8-4D10-8200-FBF236D49CE5} = {FD354C47-16B8-4D10-8200-FBF236D49CE5}
	EndProjectSection
EndProject
Project("{8BC9CEB8-8B4A-11D0-8D11-00A0C91BC942}") = "VIDEC_csp", "..\MPVideo_csp\VIDEC_csp.vcproj", "{FD354C47-16B8-4D10-8200-FBF236D49CE5}"
EndProject
Global
	GlobalSection(SolutionConfigurationPlatforms) = preSolution
		Debug|Win32 = Debug|Win32
		Release|Win32 = Release|Win32
	EndGlobalSection
	GlobalSection(ProjectConfigurationPlatforms) = postSolution
		{8E213316-A4AB-417E-A550-1166E6ABD4A2}.Debug|Win32.ActiveCfg = Debug|Win32
		{8E213316-A4AB-417E-A550-1166E6ABD4A2}.Debug|Win32.Build.0 = Debug|Win32
		{8E213316-A4AB-417E-A550-1166E6ABD4A2}.Release|Win32.ActiveCfg = Release|Win32
		{8E213316-A4AB-417E-A550-1166E6ABD4A2}.Release|Win32.Build.0 = Release|Win32
		{FD354C47-16B8-4D10-8200-FBF236D49CE5}.Debug|Win32.ActiveCfg = Debug|Win32
		{FD354C47-16B8-4D10-8200-FBF236D49CE5}.Debug|Win32.Build.0 = Debug|Win32
		{FD354C47-16B8-4D10-8200-FBF236D49CE5}.Release|Win32.ActiveCfg = Release|Win32
		{FD354C47-16B8-4D10-8200-FBF236D49CE5}.Release|Win32.Build.0 = Release|Win32
	EndGlobalSection
	GlobalSection(SolutionProperties) = preSolution
		HideSolutionNode = FALSE
	EndGlobalSection
EndGlobal
