<?xml version="1.0" encoding="utf-8"?>
<Project ToolsVersion="4.0" xmlns="http://schemas.microsoft.com/developer/msbuild/2003">
  <ItemGroup>
    <Filter Include="Source Files">
      <UniqueIdentifier>{8c6708c3-8e10-4683-a3b2-1dfc4e8a1eb6}</UniqueIdentifier>
      <Extensions>cpp;c;cxx;rc;def;r;odl;idl;hpj;bat</Extensions>
    </Filter>
    <Filter Include="Source Files\DXF_S">
      <UniqueIdentifier>{a057904a-91a3-4b2d-8941-5143d39080e3}</UniqueIdentifier>
    </Filter>
    <Filter Include="Source Files\Drawing_S">
      <UniqueIdentifier>{345a0426-8531-4182-8459-26be4e2aac44}</UniqueIdentifier>
    </Filter>
    <Filter Include="Header Files">
      <UniqueIdentifier>{fcb8648e-d68f-4006-8e58-97292b1ab4cd}</UniqueIdentifier>
      <Extensions>h;hpp;hxx;hm;inl</Extensions>
    </Filter>
    <Filter Include="Header Files\DXF_H">
      <UniqueIdentifier>{49d82a92-a1e4-4917-abc8-cc011d9693b6}</UniqueIdentifier>
    </Filter>
    <Filter Include="Header Files\Drawing_H">
      <UniqueIdentifier>{f457259e-6b71-401a-959a-21e64ef54dbd}</UniqueIdentifier>
    </Filter>
    <Filter Include="Resource Files">
      <UniqueIdentifier>{a2b7e36f-46c0-4444-b235-7b0d2643e64b}</UniqueIdentifier>
      <Extensions>ico;cur;bmp;dlg;rc2;rct;bin;rgs;gif;jpg;jpeg;jpe</Extensions>
    </Filter>
  </ItemGroup>
  <ItemGroup>
    <ClCompile Include="..\DXFFile\Read\DRBlocks.cpp">
      <Filter>Source Files\DXF_S</Filter>
    </ClCompile>
    <ClCompile Include="..\DXFFile\Read\DREntities.cpp">
      <Filter>Source Files\DXF_S</Filter>
    </ClCompile>
    <ClCompile Include="..\DXFFile\Read\DRTables.cpp">
      <Filter>Source Files\DXF_S</Filter>
    </ClCompile>
    <ClCompile Include="..\DXFFile\Base\DXFBase.cpp">
      <Filter>Source Files\DXF_S</Filter>
    </ClCompile>
    <ClCompile Include="..\DXFFile\Read\DXFRead.cpp">
      <Filter>Source Files\DXF_S</Filter>
    </ClCompile>
    <ClCompile Include="..\DXFFile\Write\DXFWrite.cpp">
      <Filter>Source Files\DXF_S</Filter>
    </ClCompile>
    <ClCompile Include="..\Drawing\View\DimView.cpp">
      <Filter>Source Files\Drawing_S</Filter>
    </ClCompile>
    <ClCompile Include="..\Drawing\DrwIO.cpp">
      <Filter>Source Files\Drawing_S</Filter>
    </ClCompile>
    <ClCompile Include="..\Drawing\MemDrw.cpp">
      <Filter>Source Files\Drawing_S</Filter>
    </ClCompile>
    <ClCompile Include="..\Drawing\View\TextView.cpp">
      <Filter>Source Files\Drawing_S</Filter>
    </ClCompile>
    <ClCompile Include="..\Drawing\View\View.cpp">
      <Filter>Source Files\Drawing_S</Filter>
    </ClCompile>
    <ClCompile Include="CadIO.cpp">
      <Filter>Source Files</Filter>
    </ClCompile>
    <ClCompile Include="StdAfx.cpp">
      <Filter>Source Files</Filter>
    </ClCompile>
    <ClCompile Include="..\DXFFile\Write\DWBlocks.cpp">
      <Filter>Source Files\DXF_S</Filter>
    </ClCompile>
    <ClCompile Include="..\DXFFile\Write\DWEntities.cpp">
      <Filter>Source Files\DXF_S</Filter>
    </ClCompile>
    <ClCompile Include="..\DXFFile\Write\DWTables.cpp">
      <Filter>Source Files\DXF_S</Filter>
    </ClCompile>
    <ClCompile Include="..\DXFFile\Read\DRHeader.cpp">
      <Filter>Source Files\DXF_S</Filter>
    </ClCompile>
    <ClCompile Include="..\Interface\VC\Operator.cpp">
      <Filter>Source Files</Filter>
    </ClCompile>
  </ItemGroup>
  <ItemGroup>
    <ResourceCompile Include="CadIO.rc">
      <Filter>Source Files</Filter>
    </ResourceCompile>
  </ItemGroup>
  <ItemGroup>
    <ClInclude Include="..\DXFFile\Read\DRBlocks.h">
      <Filter>Header Files\DXF_H</Filter>
    </ClInclude>
    <ClInclude Include="..\DXFFile\Read\DREntities.h">
      <Filter>Header Files\DXF_H</Filter>
    </ClInclude>
    <ClInclude Include="..\DXFFile\Read\DRTables.h">
      <Filter>Header Files\DXF_H</Filter>
    </ClInclude>
    <ClInclude Include="..\DXFFile\Base\DXFBase.h">
      <Filter>Header Files\DXF_H</Filter>
    </ClInclude>
    <ClInclude Include="..\Interface\VC\DXFDef.h">
      <Filter>Header Files\DXF_H</Filter>
    </ClInclude>
    <ClInclude Include="..\DXFFile\Read\DXFRead.h">
      <Filter>Header Files\DXF_H</Filter>
    </ClInclude>
    <ClInclude Include="..\DXFFile\Write\DXFWrite.h">
      <Filter>Header Files\DXF_H</Filter>
    </ClInclude>
    <ClInclude Include="..\DXFFile\Base\SimpleList.h">
      <Filter>Header Files\DXF_H</Filter>
    </ClInclude>
    <ClInclude Include="..\Drawing\View\Colors.h">
      <Filter>Header Files\Drawing_H</Filter>
    </ClInclude>
    <ClInclude Include="..\Drawing\View\DimView.h">
      <Filter>Header Files\Drawing_H</Filter>
    </ClInclude>
    <ClInclude Include="..\Interface\VC\DrawingDef.h">
      <Filter>Header Files\Drawing_H</Filter>
    </ClInclude>
    <ClInclude Include="..\Drawing\DrwIO.h">
      <Filter>Header Files\Drawing_H</Filter>
    </ClInclude>
    <ClInclude Include="..\Drawing\MemDrw.h">
      <Filter>Header Files\Drawing_H</Filter>
    </ClInclude>
    <ClInclude Include="..\Drawing\View\TextView.h">
      <Filter>Header Files\Drawing_H</Filter>
    </ClInclude>
    <ClInclude Include="..\Drawing\View\View.h">
      <Filter>Header Files\Drawing_H</Filter>
    </ClInclude>
    <ClInclude Include="CadIO.h">
      <Filter>Header Files</Filter>
    </ClInclude>
    <ClInclude Include="StdAfx.h">
      <Filter>Header Files</Filter>
    </ClInclude>
    <ClInclude Include="..\DXFFile\Write\DWBlocks.h">
      <Filter>Header Files\DXF_H</Filter>
    </ClInclude>
    <ClInclude Include="..\DXFFile\Write\DWEntities.h">
      <Filter>Header Files\DXF_H</Filter>
    </ClInclude>
    <ClInclude Include="..\DXFFile\Write\DWTables.h">
      <Filter>Header Files\DXF_H</Filter>
    </ClInclude>
    <ClInclude Include="..\Interface\VC\Operator.h">
      <Filter>Header Files</Filter>
    </ClInclude>
    <ClInclude Include="..\DXFFile\Read\DRHeader.h">
      <Filter>Header Files\DXF_H</Filter>
    </ClInclude>
  </ItemGroup>
  <ItemGroup>
    <CustomBuild Include="CadIO.def">
      <Filter>Header Files</Filter>
    </CustomBuild>
  </ItemGroup>
</Project>