<?xml version="1.0" encoding="utf-8"?>
<Project ToolsVersion="4.0" xmlns="http://schemas.microsoft.com/developer/msbuild/2003">
  <ItemGroup>
    <Filter Include="源文件">
      <UniqueIdentifier>{4FC737F1-C7A5-4376-A066-2A32D752A2FF}</UniqueIdentifier>
      <Extensions>cpp;c;cc;cxx;def;odl;idl;hpj;bat;asm;asmx</Extensions>
    </Filter>
    <Filter Include="头文件">
      <UniqueIdentifier>{93995380-89BD-4b04-88EB-625FBE52EBFB}</UniqueIdentifier>
      <Extensions>h;hpp;hxx;hm;inl;inc;xsd</Extensions>
    </Filter>
    <Filter Include="资源文件">
      <UniqueIdentifier>{67DA6AB6-F800-4c08-8B7A-83BB121AAD01}</UniqueIdentifier>
      <Extensions>rc;ico;cur;bmp;dlg;rc2;rct;bin;rgs;gif;jpg;jpeg;jpe;resx;tiff;tif;png;wav;mfcribbon-ms</Extensions>
    </Filter>
  </ItemGroup>
  <ItemGroup>
    <None Include="ReadMe.txt" />
    <None Include="WBMIDI.def">
      <Filter>源文件</Filter>
    </None>
    <None Include="res\WBMIDI.rc2">
      <Filter>资源文件</Filter>
    </None>
    <None Include="MidiSheetMusic.bass.bmp">
      <Filter>资源文件</Filter>
    </None>
    <None Include="MidiSheetMusic.treble.bmp">
      <Filter>资源文件</Filter>
    </None>
  </ItemGroup>
  <ItemGroup>
    <ClCompile Include="WBMIDI.cpp">
      <Filter>源文件</Filter>
    </ClCompile>
    <ClCompile Include="stdafx.cpp">
      <Filter>源文件</Filter>
    </ClCompile>
    <ClCompile Include="Mididata.cpp">
      <Filter>源文件</Filter>
    </ClCompile>
    <ClCompile Include="WhiteNote.cpp">
      <Filter>源文件</Filter>
    </ClCompile>
    <ClCompile Include="MidiNote.cpp">
      <Filter>源文件</Filter>
    </ClCompile>
    <ClCompile Include="TimeSignature.cpp">
      <Filter>源文件</Filter>
    </ClCompile>
    <ClCompile Include="KeySignature.cpp">
      <Filter>源文件</Filter>
    </ClCompile>
    <ClCompile Include="Stem.cpp">
      <Filter>源文件</Filter>
    </ClCompile>
    <ClCompile Include="SheetMusicOptions.cpp">
      <Filter>源文件</Filter>
    </ClCompile>
    <ClCompile Include="Staff.cpp">
      <Filter>源文件</Filter>
    </ClCompile>
    <ClCompile Include="SymbolWidths.cpp">
      <Filter>源文件</Filter>
    </ClCompile>
    <ClCompile Include="ClefMeasures.cpp">
      <Filter>源文件</Filter>
    </ClCompile>
    <ClCompile Include="MidiFile.cpp">
      <Filter>源文件</Filter>
    </ClCompile>
    <ClCompile Include="MidiTrack.cpp">
      <Filter>源文件</Filter>
    </ClCompile>
    <ClCompile Include="SheetMusic.cpp">
      <Filter>源文件</Filter>
    </ClCompile>
    <ClCompile Include="WBMidiConvert.cpp">
      <Filter>源文件</Filter>
    </ClCompile>
    <ClCompile Include="MidiDef.cpp">
      <Filter>源文件</Filter>
    </ClCompile>
  </ItemGroup>
  <ItemGroup>
    <ClInclude Include="WBMIDI.h">
      <Filter>头文件</Filter>
    </ClInclude>
    <ClInclude Include="stdafx.h">
      <Filter>头文件</Filter>
    </ClInclude>
    <ClInclude Include="targetver.h">
      <Filter>头文件</Filter>
    </ClInclude>
    <ClInclude Include="Resource.h">
      <Filter>头文件</Filter>
    </ClInclude>
    <ClInclude Include="Mididata.h">
      <Filter>头文件</Filter>
    </ClInclude>
    <ClInclude Include="WhiteNote.h">
      <Filter>头文件</Filter>
    </ClInclude>
    <ClInclude Include="MidiNote.h">
      <Filter>头文件</Filter>
    </ClInclude>
    <ClInclude Include="TimeSignature.h">
      <Filter>头文件</Filter>
    </ClInclude>
    <ClInclude Include="KeySignature.h">
      <Filter>头文件</Filter>
    </ClInclude>
    <ClInclude Include="Stem.h">
      <Filter>头文件</Filter>
    </ClInclude>
    <ClInclude Include="SheetMusicOptions.h">
      <Filter>头文件</Filter>
    </ClInclude>
    <ClInclude Include="Staff.h">
      <Filter>头文件</Filter>
    </ClInclude>
    <ClInclude Include="SymbolWidths.h">
      <Filter>头文件</Filter>
    </ClInclude>
    <ClInclude Include="ClefMeasures.h">
      <Filter>头文件</Filter>
    </ClInclude>
    <ClInclude Include="MidiFile.h">
      <Filter>头文件</Filter>
    </ClInclude>
    <ClInclude Include="MidiTrack.h">
      <Filter>头文件</Filter>
    </ClInclude>
    <ClInclude Include="SheetMusic.h">
      <Filter>头文件</Filter>
    </ClInclude>
    <ClInclude Include="WBMidiConvert.h">
      <Filter>头文件</Filter>
    </ClInclude>
    <ClInclude Include="MidiDef.h">
      <Filter>头文件</Filter>
    </ClInclude>
  </ItemGroup>
  <ItemGroup>
    <ResourceCompile Include="WBMIDI.rc">
      <Filter>资源文件</Filter>
    </ResourceCompile>
  </ItemGroup>
</Project>