
Microsoft Visual Studio Solution File, Format Version 11.00
# Visual Studio 2010
Project("{8BC9CEB8-8B4A-11D0-8D11-00A0C91BC942}") = "CadIO", "..\CadIO\CadIO.vcxproj", "{77D488B1-A508-D47C-FFFF-ACBBDE85ABC0}"
EndProject
Project("{8BC9CEB8-8B4A-11D0-8D11-00A0C91BC942}") = "Test", "Test.vcxproj", "{EDA3D61A-8B6D-6692-7BCA-A8EA520E4195}"
	ProjectSection(ProjectDependencies) = postProject
		{77D488B1-A508-D47C-FFFF-ACBBDE85ABC0} = {77D488B1-A508-D47C-FFFF-ACBBDE85ABC0}
	EndProjectSection
EndProject
Global
	GlobalSection(SolutionConfigurationPlatforms) = preSolution
		Debug|Win32 = Debug|Win32
		Release|Win32 = Release|Win32
		Template|Win32 = Template|Win32
	EndGlobalSection
	GlobalSection(ProjectConfigurationPlatforms) = postSolution
		{77D488B1-A508-D47C-FFFF-ACBBDE85ABC0}.Debug|Win32.ActiveCfg = Debug|Win32
		{77D488B1-A508-D47C-FFFF-ACBBDE85ABC0}.Debug|Win32.Build.0 = Debug|Win32
		{77D488B1-A508-D47C-FFFF-ACBBDE85ABC0}.Release|Win32.ActiveCfg = Release|Win32
		{77D488B1-A508-D47C-FFFF-ACBBDE85ABC0}.Release|Win32.Build.0 = Release|Win32
		{77D488B1-A508-D47C-FFFF-ACBBDE85ABC0}.Template|Win32.ActiveCfg = Release|Win32
		{77D488B1-A508-D47C-FFFF-ACBBDE85ABC0}.Template|Win32.Build.0 = Release|Win32
		{EDA3D61A-8B6D-6692-7BCA-A8EA520E4195}.Debug|Win32.ActiveCfg = Debug|Win32
		{EDA3D61A-8B6D-6692-7BCA-A8EA520E4195}.Debug|Win32.Build.0 = Debug|Win32
		{EDA3D61A-8B6D-6692-7BCA-A8EA520E4195}.Release|Win32.ActiveCfg = Release|Win32
		{EDA3D61A-8B6D-6692-7BCA-A8EA520E4195}.Release|Win32.Build.0 = Release|Win32
		{EDA3D61A-8B6D-6692-7BCA-A8EA520E4195}.Template|Win32.ActiveCfg = Template|Win32
		{EDA3D61A-8B6D-6692-7BCA-A8EA520E4195}.Template|Win32.Build.0 = Template|Win32
	EndGlobalSection
	GlobalSection(SolutionProperties) = preSolution
		HideSolutionNode = FALSE
	EndGlobalSection
EndGlobal
