Microsoft Visual Studio Solution File, Format Version 10.00
# Visual Studio 2008
Project("{8BC9CEB8-8B4A-11D0-8D11-00A0C91BC942}") = "IMXEC", "IMXEC_NOSIP.vcproj", "{61F03280-4255-49C5-8392-0D3426B3F0E3}"
	ProjectSection(ProjectDependencies) = postProject
		{B8BD6143-BA5B-47DF-B9BB-991F5F6736A6} = {B8BD6143-BA5B-47DF-B9BB-991F5F6736A6}
		{472B36FD-6B7F-4CF6-90CC-0A06B01B742F} = {472B36FD-6B7F-4CF6-90CC-0A06B01B742F}
	EndProjectSection
EndProject
Project("{8BC9CEB8-8B4A-11D0-8D11-00A0C91BC942}") = "H323Stack", "..\..\H323Stack\build\H323Stack.vcproj", "{472B36FD-6B7F-4CF6-90CC-0A06B01B742F}"
EndProject
Project("{8BC9CEB8-8B4A-11D0-8D11-00A0C91BC942}") = "ScreenRXTest", "..\ScreenRXTest\ScreenRXTest.vcproj", "{FDAED9C6-A36D-43A9-BD66-4E159625EE16}"
EndProject
Project("{8BC9CEB8-8B4A-11D0-8D11-00A0C91BC942}") = "ScreenTXTest", "..\ScreenTXTest\ScreenTXTest.vcproj", "{FF4112E9-42EC-4677-838F-D5EB358A8413}"
EndProject
Project("{8BC9CEB8-8B4A-11D0-8D11-00A0C91BC942}") = "MediaChannelTest", "..\MediaChannelTest\MediaChannelTest.vcproj", "{45395CF1-FA0C-4D4C-AA24-AB2B5DA20BEC}"
EndProject
Project("{8BC9CEB8-8B4A-11D0-8D11-00A0C91BC942}") = "ConferenceCallTest", "..\ConferenceCallTest\ConferenceCallTest.vcproj", "{E4D5F134-A2D7-429D-A07B-E87B844B4FAF}"
EndProject
Project("{8BC9CEB8-8B4A-11D0-8D11-00A0C91BC942}") = "jthread", "..\jthread\jthread.vcproj", "{96A714AE-BE53-4EFF-8569-C3809AD4F3B6}"
EndProject
Project("{8BC9CEB8-8B4A-11D0-8D11-00A0C91BC942}") = "jrtplib", "..\jrtplib\jrtplib.vcproj", "{B8BD6143-BA5B-47DF-B9BB-991F5F6736A6}"
	ProjectSection(ProjectDependencies) = postProject
		{96A714AE-BE53-4EFF-8569-C3809AD4F3B6} = {96A714AE-BE53-4EFF-8569-C3809AD4F3B6}
	EndProjectSection
EndProject
Global
	GlobalSection(SolutionConfigurationPlatforms) = preSolution
		Debug|Win32 = Debug|Win32
		Release|Win32 = Release|Win32
		SSL-Debug|Win32 = SSL-Debug|Win32
		SSL-Release|Win32 = SSL-Release|Win32
	EndGlobalSection
	GlobalSection(ProjectConfigurationPlatforms) = postSolution
		{61F03280-4255-49C5-8392-0D3426B3F0E3}.Debug|Win32.ActiveCfg = Debug|Win32
		{61F03280-4255-49C5-8392-0D3426B3F0E3}.Debug|Win32.Build.0 = Debug|Win32
		{61F03280-4255-49C5-8392-0D3426B3F0E3}.Release|Win32.ActiveCfg = Release|Win32
		{61F03280-4255-49C5-8392-0D3426B3F0E3}.Release|Win32.Build.0 = Release|Win32
		{61F03280-4255-49C5-8392-0D3426B3F0E3}.SSL-Debug|Win32.ActiveCfg = Debug|Win32
		{61F03280-4255-49C5-8392-0D3426B3F0E3}.SSL-Debug|Win32.Build.0 = Debug|Win32
		{61F03280-4255-49C5-8392-0D3426B3F0E3}.SSL-Release|Win32.ActiveCfg = Release|Win32
		{61F03280-4255-49C5-8392-0D3426B3F0E3}.SSL-Release|Win32.Build.0 = Release|Win32
		{472B36FD-6B7F-4CF6-90CC-0A06B01B742F}.Debug|Win32.ActiveCfg = Debug|Win32
		{472B36FD-6B7F-4CF6-90CC-0A06B01B742F}.Debug|Win32.Build.0 = Debug|Win32
		{472B36FD-6B7F-4CF6-90CC-0A06B01B742F}.Release|Win32.ActiveCfg = Release|Win32
		{472B36FD-6B7F-4CF6-90CC-0A06B01B742F}.Release|Win32.Build.0 = Release|Win32
		{472B36FD-6B7F-4CF6-90CC-0A06B01B742F}.SSL-Debug|Win32.ActiveCfg = Debug|Win32
		{472B36FD-6B7F-4CF6-90CC-0A06B01B742F}.SSL-Debug|Win32.Build.0 = Debug|Win32
		{472B36FD-6B7F-4CF6-90CC-0A06B01B742F}.SSL-Release|Win32.ActiveCfg = Release|Win32
		{472B36FD-6B7F-4CF6-90CC-0A06B01B742F}.SSL-Release|Win32.Build.0 = Release|Win32
		{FDAED9C6-A36D-43A9-BD66-4E159625EE16}.Debug|Win32.ActiveCfg = Debug|Win32
		{FDAED9C6-A36D-43A9-BD66-4E159625EE16}.Debug|Win32.Build.0 = Debug|Win32
		{FDAED9C6-A36D-43A9-BD66-4E159625EE16}.Release|Win32.ActiveCfg = Release|Win32
		{FDAED9C6-A36D-43A9-BD66-4E159625EE16}.Release|Win32.Build.0 = Release|Win32
		{FDAED9C6-A36D-43A9-BD66-4E159625EE16}.SSL-Debug|Win32.ActiveCfg = Debug|Win32
		{FDAED9C6-A36D-43A9-BD66-4E159625EE16}.SSL-Debug|Win32.Build.0 = Debug|Win32
		{FDAED9C6-A36D-43A9-BD66-4E159625EE16}.SSL-Release|Win32.ActiveCfg = Release|Win32
		{FDAED9C6-A36D-43A9-BD66-4E159625EE16}.SSL-Release|Win32.Build.0 = Release|Win32
		{FF4112E9-42EC-4677-838F-D5EB358A8413}.Debug|Win32.ActiveCfg = Debug|Win32
		{FF4112E9-42EC-4677-838F-D5EB358A8413}.Debug|Win32.Build.0 = Debug|Win32
		{FF4112E9-42EC-4677-838F-D5EB358A8413}.Release|Win32.ActiveCfg = Release|Win32
		{FF4112E9-42EC-4677-838F-D5EB358A8413}.Release|Win32.Build.0 = Release|Win32
		{FF4112E9-42EC-4677-838F-D5EB358A8413}.SSL-Debug|Win32.ActiveCfg = Debug|Win32
		{FF4112E9-42EC-4677-838F-D5EB358A8413}.SSL-Debug|Win32.Build.0 = Debug|Win32
		{FF4112E9-42EC-4677-838F-D5EB358A8413}.SSL-Release|Win32.ActiveCfg = Release|Win32
		{FF4112E9-42EC-4677-838F-D5EB358A8413}.SSL-Release|Win32.Build.0 = Release|Win32
		{45395CF1-FA0C-4D4C-AA24-AB2B5DA20BEC}.Debug|Win32.ActiveCfg = Debug|Win32
		{45395CF1-FA0C-4D4C-AA24-AB2B5DA20BEC}.Debug|Win32.Build.0 = Debug|Win32
		{45395CF1-FA0C-4D4C-AA24-AB2B5DA20BEC}.Release|Win32.ActiveCfg = Release|Win32
		{45395CF1-FA0C-4D4C-AA24-AB2B5DA20BEC}.Release|Win32.Build.0 = Release|Win32
		{45395CF1-FA0C-4D4C-AA24-AB2B5DA20BEC}.SSL-Debug|Win32.ActiveCfg = Debug|Win32
		{45395CF1-FA0C-4D4C-AA24-AB2B5DA20BEC}.SSL-Debug|Win32.Build.0 = Debug|Win32
		{45395CF1-FA0C-4D4C-AA24-AB2B5DA20BEC}.SSL-Release|Win32.ActiveCfg = Release|Win32
		{45395CF1-FA0C-4D4C-AA24-AB2B5DA20BEC}.SSL-Release|Win32.Build.0 = Release|Win32
		{E4D5F134-A2D7-429D-A07B-E87B844B4FAF}.Debug|Win32.ActiveCfg = Debug|Win32
		{E4D5F134-A2D7-429D-A07B-E87B844B4FAF}.Debug|Win32.Build.0 = Debug|Win32
		{E4D5F134-A2D7-429D-A07B-E87B844B4FAF}.Release|Win32.ActiveCfg = Release|Win32
		{E4D5F134-A2D7-429D-A07B-E87B844B4FAF}.Release|Win32.Build.0 = Release|Win32
		{E4D5F134-A2D7-429D-A07B-E87B844B4FAF}.SSL-Debug|Win32.ActiveCfg = Debug|Win32
		{E4D5F134-A2D7-429D-A07B-E87B844B4FAF}.SSL-Debug|Win32.Build.0 = Debug|Win32
		{E4D5F134-A2D7-429D-A07B-E87B844B4FAF}.SSL-Release|Win32.ActiveCfg = Release|Win32
		{E4D5F134-A2D7-429D-A07B-E87B844B4FAF}.SSL-Release|Win32.Build.0 = Release|Win32
		{96A714AE-BE53-4EFF-8569-C3809AD4F3B6}.Debug|Win32.ActiveCfg = Debug|Win32
		{96A714AE-BE53-4EFF-8569-C3809AD4F3B6}.Debug|Win32.Build.0 = Debug|Win32
		{96A714AE-BE53-4EFF-8569-C3809AD4F3B6}.Release|Win32.ActiveCfg = Release|Win32
		{96A714AE-BE53-4EFF-8569-C3809AD4F3B6}.Release|Win32.Build.0 = Release|Win32
		{96A714AE-BE53-4EFF-8569-C3809AD4F3B6}.SSL-Debug|Win32.ActiveCfg = Debug|Win32
		{96A714AE-BE53-4EFF-8569-C3809AD4F3B6}.SSL-Debug|Win32.Build.0 = Debug|Win32
		{96A714AE-BE53-4EFF-8569-C3809AD4F3B6}.SSL-Release|Win32.ActiveCfg = Release|Win32
		{96A714AE-BE53-4EFF-8569-C3809AD4F3B6}.SSL-Release|Win32.Build.0 = Release|Win32
		{B8BD6143-BA5B-47DF-B9BB-991F5F6736A6}.Debug|Win32.ActiveCfg = Debug|Win32
		{B8BD6143-BA5B-47DF-B9BB-991F5F6736A6}.Debug|Win32.Build.0 = Debug|Win32
		{B8BD6143-BA5B-47DF-B9BB-991F5F6736A6}.Release|Win32.ActiveCfg = Release|Win32
		{B8BD6143-BA5B-47DF-B9BB-991F5F6736A6}.Release|Win32.Build.0 = Release|Win32
		{B8BD6143-BA5B-47DF-B9BB-991F5F6736A6}.SSL-Debug|Win32.ActiveCfg = Debug|Win32
		{B8BD6143-BA5B-47DF-B9BB-991F5F6736A6}.SSL-Debug|Win32.Build.0 = Debug|Win32
		{B8BD6143-BA5B-47DF-B9BB-991F5F6736A6}.SSL-Release|Win32.ActiveCfg = Release|Win32
		{B8BD6143-BA5B-47DF-B9BB-991F5F6736A6}.SSL-Release|Win32.Build.0 = Release|Win32
	EndGlobalSection
	GlobalSection(SolutionProperties) = preSolution
		HideSolutionNode = FALSE
	EndGlobalSection
EndGlobal
