
Microsoft Visual Studio Solution File, Format Version 10.00
# Visual Studio 2008
Project("{8BC9CEB8-8B4A-11D0-8D11-00A0C91BC942}") = "Hello world", "Hello world\Hello world.vcproj", "{D0B2BD3C-BBD4-4067-AD7A-EF7BB56F3344}"
EndProject
Global
	GlobalSection(SolutionConfigurationPlatforms) = preSolution
		Debug|Win32 = Debug|Win32
		Release|Win32 = Release|Win32
	EndGlobalSection
	GlobalSection(ProjectConfigurationPlatforms) = postSolution
		{D0B2BD3C-BBD4-4067-AD7A-EF7BB56F3344}.Debug|Win32.ActiveCfg = Debug|Win32
		{D0B2BD3C-BBD4-4067-AD7A-EF7BB56F3344}.Debug|Win32.Build.0 = Debug|Win32
		{D0B2BD3C-BBD4-4067-AD7A-EF7BB56F3344}.Release|Win32.ActiveCfg = Release|Win32
		{D0B2BD3C-BBD4-4067-AD7A-EF7BB56F3344}.Release|Win32.Build.0 = Release|Win32
	EndGlobalSection
	GlobalSection(SolutionProperties) = preSolution
		HideSolutionNode = FALSE
	EndGlobalSection
EndGlobal
